{
  "version": 4,
  "terraform_version": "1.1.7",
  "serial": 593,
  "lineage": "07e417f2-e97f-28a2-8fd6-4f9bc4b28841",
  "outputs": {
    "alb_dns_name": {
      "value": "ext-alb-377535.us-east-1.elb.amazonaws.com",
      "type": "string"
    },
    "alb_target_group_arn": {
      "value": "arn:aws:elasticloadbalancing:us-east-1:704771385539:targetgroup/nginx-tgt/9e77cd80b67578d7",
      "type": "string"
    }
  },
  "resources": [
    {
      "mode": "data",
      "type": "aws_availability_zones",
      "name": "available",
      "provider": "provider[\"registry.terraform.io/hashicorp/aws\"]",
      "instances": [
        {
          "schema_version": 0,
          "attributes": {
            "all_availability_zones": null,
            "exclude_names": null,
            "exclude_zone_ids": null,
            "filter": null,
            "group_names": [
              "us-east-1"
            ],
            "id": "us-east-1",
            "names": [
              "us-east-1a",
              "us-east-1b",
              "us-east-1c",
              "us-east-1d",
              "us-east-1e",
              "us-east-1f"
            ],
            "state": "available",
            "zone_ids": [
              "use1-az2",
              "use1-az4",
              "use1-az6",
              "use1-az1",
              "use1-az3",
              "use1-az5"
            ]
          },
          "sensitive_attributes": []
        }
      ]
    },
    {
      "mode": "data",
      "type": "aws_route53_zone",
      "name": "somdev",
      "provider": "provider[\"registry.terraform.io/hashicorp/aws\"]",
      "instances": [
        {
          "schema_version": 0,
          "attributes": {
            "arn": "arn:aws:route53:::hostedzone/Z0926136VJB4UES6HRF2",
            "caller_reference": "a7f5cea7-f8c4-4bf5-8309-387d978717cb",
            "comment": "",
            "id": "Z0926136VJB4UES6HRF2",
            "linked_service_description": null,
            "linked_service_principal": null,
            "name": "somdev.ga",
            "name_servers": [
              "ns-118.awsdns-14.com",
              "ns-1657.awsdns-15.co.uk",
              "ns-1176.awsdns-19.org",
              "ns-918.awsdns-50.net"
            ],
            "private_zone": false,
            "resource_record_set_count": 2,
            "tags": {},
            "vpc_id": null,
            "zone_id": "Z0926136VJB4UES6HRF2"
          },
          "sensitive_attributes": []
        }
      ]
    },
    {
      "mode": "managed",
      "type": "aws_acm_certificate",
      "name": "somdev",
      "provider": "provider[\"registry.terraform.io/hashicorp/aws\"]",
      "instances": [
        {
          "schema_version": 0,
          "attributes": {
            "arn": "arn:aws:acm:us-east-1:704771385539:certificate/db8ba285-91ff-40bc-a337-0ab05534fa00",
            "certificate_authority_arn": "",
            "certificate_body": null,
            "certificate_chain": null,
            "domain_name": "*.somdev.ga",
            "domain_validation_options": [
              {
                "domain_name": "*.somdev.ga",
                "resource_record_name": "_bfbc0c4c8599e736e16920ad6c6f1803.somdev.ga.",
                "resource_record_type": "CNAME",
                "resource_record_value": "_0b366ac086d9efd4ca645174870648c7.qwknvqrlct.acm-validations.aws."
              }
            ],
            "id": "arn:aws:acm:us-east-1:704771385539:certificate/db8ba285-91ff-40bc-a337-0ab05534fa00",
            "options": [
              {
                "certificate_transparency_logging_preference": "ENABLED"
              }
            ],
            "private_key": null,
            "status": "PENDING_VALIDATION",
            "subject_alternative_names": [],
            "tags": null,
            "tags_all": {},
            "validation_emails": [],
            "validation_method": "DNS"
          },
          "sensitive_attributes": [],
          "private": "bnVsbA==",
          "create_before_destroy": true
        }
      ]
    },
    {
      "mode": "managed",
      "type": "aws_acm_certificate_validation",
      "name": "somdev",
      "provider": "provider[\"registry.terraform.io/hashicorp/aws\"]",
      "instances": [
        {
          "schema_version": 0,
          "attributes": {
            "certificate_arn": "arn:aws:acm:us-east-1:704771385539:certificate/db8ba285-91ff-40bc-a337-0ab05534fa00",
            "id": "2022-04-18 20:10:07.781 +0000 UTC",
            "timeouts": {
              "create": "5m"
            },
            "validation_record_fqdns": [
              "_bfbc0c4c8599e736e16920ad6c6f1803.somdev.ga"
            ]
          },
          "sensitive_attributes": [],
          "private": "eyJlMmJmYjczMC1lY2FhLTExZTYtOGY4OC0zNDM2M2JjN2M0YzAiOnsiY3JlYXRlIjozMDAwMDAwMDAwMDB9fQ==",
          "dependencies": [
            "aws_acm_certificate.somdev",
            "aws_route53_record.somdev",
            "data.aws_route53_zone.somdev"
          ]
        }
      ]
    },
    {
      "mode": "managed",
      "type": "aws_autoscaling_attachment",
      "name": "asg_attachment_nginx",
      "provider": "provider[\"registry.terraform.io/hashicorp/aws\"]",
      "instances": [
        {
          "schema_version": 0,
          "attributes": {
            "alb_target_group_arn": null,
            "autoscaling_group_name": "nginx-asg",
            "elb": null,
            "id": "nginx-asg-2022041820113603900000000e",
            "lb_target_group_arn": "arn:aws:elasticloadbalancing:us-east-1:704771385539:targetgroup/nginx-tgt/9e77cd80b67578d7"
          },
          "sensitive_attributes": [],
          "private": "bnVsbA==",
          "dependencies": [
            "aws_autoscaling_group.nginx-asg",
            "aws_iam_instance_profile.ip",
            "aws_iam_role.ec2_instance_role",
            "aws_launch_template.nginx-launch-template",
            "aws_lb_target_group.nginx-tgt",
            "aws_security_group.nginx-sg",
            "aws_subnet.public",
            "aws_vpc.main",
            "data.aws_availability_zones.available",
            "random_shuffle.az_list"
          ]
        }
      ]
    },
    {
      "mode": "managed",
      "type": "aws_autoscaling_attachment",
      "name": "asg_attachment_tooling",
      "provider": "provider[\"registry.terraform.io/hashicorp/aws\"]",
      "instances": [
        {
          "schema_version": 0,
          "attributes": {
            "alb_target_group_arn": null,
            "autoscaling_group_name": "tooling-asg",
            "elb": null,
            "id": "tooling-asg-2022041820114737370000000f",
            "lb_target_group_arn": "arn:aws:elasticloadbalancing:us-east-1:704771385539:targetgroup/tooling-tgt/c8c3f2758b018257"
          },
          "sensitive_attributes": [],
          "private": "bnVsbA==",
          "dependencies": [
            "aws_autoscaling_group.tooling-asg",
            "aws_iam_instance_profile.ip",
            "aws_iam_role.ec2_instance_role",
            "aws_launch_template.tooling-launch-template",
            "aws_lb_target_group.tooling-tgt",
            "aws_security_group.webserver-sg",
            "aws_subnet.private",
            "aws_vpc.main",
            "data.aws_availability_zones.available",
            "random_shuffle.az_list"
          ]
        }
      ]
    },
    {
      "mode": "managed",
      "type": "aws_autoscaling_attachment",
      "name": "asg_attachment_wordpress",
      "provider": "provider[\"registry.terraform.io/hashicorp/aws\"]",
      "instances": [
        {
          "schema_version": 0,
          "attributes": {
            "alb_target_group_arn": null,
            "autoscaling_group_name": "wordpress-asg",
            "elb": null,
            "id": "wordpress-asg-2022041820110447060000000d",
            "lb_target_group_arn": "arn:aws:elasticloadbalancing:us-east-1:704771385539:targetgroup/wordpress-tgt/42743b9d1326f106"
          },
          "sensitive_attributes": [],
          "private": "bnVsbA==",
          "dependencies": [
            "aws_autoscaling_group.wordpress-asg",
            "aws_iam_instance_profile.ip",
            "aws_iam_role.ec2_instance_role",
            "aws_launch_template.wordpress-launch-template",
            "aws_lb_target_group.wordpress-tgt",
            "aws_security_group.webserver-sg",
            "aws_subnet.private",
            "aws_vpc.main",
            "data.aws_availability_zones.available",
            "random_shuffle.az_list"
          ]
        }
      ]
    },
    {
      "mode": "managed",
      "type": "aws_autoscaling_group",
      "name": "bastion-asg",
      "provider": "provider[\"registry.terraform.io/hashicorp/aws\"]",
      "instances": [
        {
          "schema_version": 0,
          "attributes": {
            "arn": "arn:aws:autoscaling:us-east-1:704771385539:autoScalingGroup:7f5489d7-e556-4563-8b8e-ee5d52b971ae:autoScalingGroupName/bastion-asg",
            "availability_zones": [
              "us-east-1b",
              "us-east-1f"
            ],
            "capacity_rebalance": false,
            "default_cooldown": 300,
            "desired_capacity": 1,
            "enabled_metrics": null,
            "force_delete": false,
            "force_delete_warm_pool": false,
            "health_check_grace_period": 300,
            "health_check_type": "ELB",
            "id": "bastion-asg",
            "initial_lifecycle_hook": [],
            "instance_refresh": [],
            "launch_configuration": "",
            "launch_template": [
              {
                "id": "lt-0333b16775a617a04",
                "name": "terraform-20220418201016676900000008",
                "version": "$Latest"
              }
            ],
            "load_balancers": null,
            "max_instance_lifetime": 0,
            "max_size": 2,
            "metrics_granularity": "1Minute",
            "min_elb_capacity": null,
            "min_size": 1,
            "mixed_instances_policy": [],
            "name": "bastion-asg",
            "name_prefix": "",
            "placement_group": "",
            "protect_from_scale_in": false,
            "service_linked_role_arn": "arn:aws:iam::704771385539:role/aws-service-role/autoscaling.amazonaws.com/AWSServiceRoleForAutoScaling",
            "suspended_processes": null,
            "tag": [
              {
                "key": "Name",
                "propagate_at_launch": true,
                "value": "bastion-launch-template"
              }
            ],
            "tags": null,
            "target_group_arns": null,
            "termination_policies": null,
            "timeouts": null,
            "vpc_zone_identifier": [
              "subnet-0bdb631af2c17f3ba",
              "subnet-0f8d71c80dcb621c5"
            ],
            "wait_for_capacity_timeout": "10m",
            "wait_for_elb_capacity": null,
            "warm_pool": []
          },
          "sensitive_attributes": [],
          "private": "eyJlMmJmYjczMC1lY2FhLTExZTYtOGY4OC0zNDM2M2JjN2M0YzAiOnsiZGVsZXRlIjo2MDAwMDAwMDAwMDB9fQ==",
          "dependencies": [
            "aws_iam_instance_profile.ip",
            "aws_iam_role.ec2_instance_role",
            "aws_launch_template.bastion-launch-template",
            "aws_security_group.bastion_sg",
            "aws_subnet.public",
            "aws_vpc.main",
            "data.aws_availability_zones.available",
            "random_shuffle.az_list"
          ]
        }
      ]
    },
    {
      "mode": "managed",
      "type": "aws_autoscaling_group",
      "name": "nginx-asg",
      "provider": "provider[\"registry.terraform.io/hashicorp/aws\"]",
      "instances": [
        {
          "schema_version": 0,
          "attributes": {
            "arn": "arn:aws:autoscaling:us-east-1:704771385539:autoScalingGroup:da7729cf-a80d-4fc0-8b3b-ca3e9b0956c1:autoScalingGroupName/nginx-asg",
            "availability_zones": [
              "us-east-1b",
              "us-east-1f"
            ],
            "capacity_rebalance": false,
            "default_cooldown": 300,
            "desired_capacity": 1,
            "enabled_metrics": null,
            "force_delete": false,
            "force_delete_warm_pool": false,
            "health_check_grace_period": 300,
            "health_check_type": "ELB",
            "id": "nginx-asg",
            "initial_lifecycle_hook": [],
            "instance_refresh": [],
            "launch_configuration": "",
            "launch_template": [
              {
                "id": "lt-0f3450b3d8e8376fb",
                "name": "terraform-2022041820101959480000000a",
                "version": "$Latest"
              }
            ],
            "load_balancers": null,
            "max_instance_lifetime": 0,
            "max_size": 2,
            "metrics_granularity": "1Minute",
            "min_elb_capacity": null,
            "min_size": 1,
            "mixed_instances_policy": [],
            "name": "nginx-asg",
            "name_prefix": "",
            "placement_group": "",
            "protect_from_scale_in": false,
            "service_linked_role_arn": "arn:aws:iam::704771385539:role/aws-service-role/autoscaling.amazonaws.com/AWSServiceRoleForAutoScaling",
            "suspended_processes": null,
            "tag": [
              {
                "key": "Name",
                "propagate_at_launch": true,
                "value": "nginx-launch-template"
              }
            ],
            "tags": null,
            "target_group_arns": null,
            "termination_policies": null,
            "timeouts": null,
            "vpc_zone_identifier": [
              "subnet-0bdb631af2c17f3ba",
              "subnet-0f8d71c80dcb621c5"
            ],
            "wait_for_capacity_timeout": "10m",
            "wait_for_elb_capacity": null,
            "warm_pool": []
          },
          "sensitive_attributes": [],
          "private": "eyJlMmJmYjczMC1lY2FhLTExZTYtOGY4OC0zNDM2M2JjN2M0YzAiOnsiZGVsZXRlIjo2MDAwMDAwMDAwMDB9fQ==",
          "dependencies": [
            "aws_iam_instance_profile.ip",
            "aws_iam_role.ec2_instance_role",
            "aws_launch_template.nginx-launch-template",
            "aws_security_group.nginx-sg",
            "aws_subnet.public",
            "aws_vpc.main",
            "data.aws_availability_zones.available",
            "random_shuffle.az_list"
          ]
        }
      ]
    },
    {
      "mode": "managed",
      "type": "aws_autoscaling_group",
      "name": "tooling-asg",
      "provider": "provider[\"registry.terraform.io/hashicorp/aws\"]",
      "instances": [
        {
          "schema_version": 0,
          "attributes": {
            "arn": "arn:aws:autoscaling:us-east-1:704771385539:autoScalingGroup:a9796376-fa04-470c-822a-77241ff596cd:autoScalingGroupName/tooling-asg",
            "availability_zones": [
              "us-east-1b",
              "us-east-1f"
            ],
            "capacity_rebalance": false,
            "default_cooldown": 300,
            "desired_capacity": 1,
            "enabled_metrics": null,
            "force_delete": false,
            "force_delete_warm_pool": false,
            "health_check_grace_period": 300,
            "health_check_type": "ELB",
            "id": "tooling-asg",
            "initial_lifecycle_hook": [],
            "instance_refresh": [],
            "launch_configuration": "",
            "launch_template": [
              {
                "id": "lt-0bd31e0b72825aea1",
                "name": "terraform-20220418201015934400000006",
                "version": "$Latest"
              }
            ],
            "load_balancers": null,
            "max_instance_lifetime": 0,
            "max_size": 2,
            "metrics_granularity": "1Minute",
            "min_elb_capacity": null,
            "min_size": 1,
            "mixed_instances_policy": [],
            "name": "tooling-asg",
            "name_prefix": "",
            "placement_group": "",
            "protect_from_scale_in": false,
            "service_linked_role_arn": "arn:aws:iam::704771385539:role/aws-service-role/autoscaling.amazonaws.com/AWSServiceRoleForAutoScaling",
            "suspended_processes": null,
            "tag": [
              {
                "key": "Name",
                "propagate_at_launch": true,
                "value": "tooling-launch-template"
              }
            ],
            "tags": null,
            "target_group_arns": null,
            "termination_policies": null,
            "timeouts": null,
            "vpc_zone_identifier": [
              "subnet-055e5e1357ca7bb0f",
              "subnet-08e0d8a93cae1d5f2"
            ],
            "wait_for_capacity_timeout": "10m",
            "wait_for_elb_capacity": null,
            "warm_pool": []
          },
          "sensitive_attributes": [],
          "private": "eyJlMmJmYjczMC1lY2FhLTExZTYtOGY4OC0zNDM2M2JjN2M0YzAiOnsiZGVsZXRlIjo2MDAwMDAwMDAwMDB9fQ==",
          "dependencies": [
            "aws_iam_instance_profile.ip",
            "aws_iam_role.ec2_instance_role",
            "aws_launch_template.tooling-launch-template",
            "aws_security_group.webserver-sg",
            "aws_subnet.private",
            "aws_vpc.main",
            "data.aws_availability_zones.available",
            "random_shuffle.az_list"
          ]
        }
      ]
    },
    {
      "mode": "managed",
      "type": "aws_autoscaling_group",
      "name": "wordpress-asg",
      "provider": "provider[\"registry.terraform.io/hashicorp/aws\"]",
      "instances": [
        {
          "schema_version": 0,
          "attributes": {
            "arn": "arn:aws:autoscaling:us-east-1:704771385539:autoScalingGroup:ba224ad1-5ac6-4543-a379-50a744e128c6:autoScalingGroupName/wordpress-asg",
            "availability_zones": [
              "us-east-1b",
              "us-east-1f"
            ],
            "capacity_rebalance": false,
            "default_cooldown": 300,
            "desired_capacity": 1,
            "enabled_metrics": null,
            "force_delete": false,
            "force_delete_warm_pool": false,
            "health_check_grace_period": 300,
            "health_check_type": "ELB",
            "id": "wordpress-asg",
            "initial_lifecycle_hook": [],
            "instance_refresh": [],
            "launch_configuration": "",
            "launch_template": [
              {
                "id": "lt-0ca16de377cd02470",
                "name": "terraform-20220418201014156700000004",
                "version": "$Latest"
              }
            ],
            "load_balancers": null,
            "max_instance_lifetime": 0,
            "max_size": 2,
            "metrics_granularity": "1Minute",
            "min_elb_capacity": null,
            "min_size": 1,
            "mixed_instances_policy": [],
            "name": "wordpress-asg",
            "name_prefix": "",
            "placement_group": "",
            "protect_from_scale_in": false,
            "service_linked_role_arn": "arn:aws:iam::704771385539:role/aws-service-role/autoscaling.amazonaws.com/AWSServiceRoleForAutoScaling",
            "suspended_processes": null,
            "tag": [
              {
                "key": "Name",
                "propagate_at_launch": true,
                "value": "wordpress-asg"
              }
            ],
            "tags": null,
            "target_group_arns": null,
            "termination_policies": null,
            "timeouts": null,
            "vpc_zone_identifier": [
              "subnet-055e5e1357ca7bb0f",
              "subnet-08e0d8a93cae1d5f2"
            ],
            "wait_for_capacity_timeout": "10m",
            "wait_for_elb_capacity": null,
            "warm_pool": []
          },
          "sensitive_attributes": [],
          "private": "eyJlMmJmYjczMC1lY2FhLTExZTYtOGY4OC0zNDM2M2JjN2M0YzAiOnsiZGVsZXRlIjo2MDAwMDAwMDAwMDB9fQ==",
          "dependencies": [
            "aws_iam_instance_profile.ip",
            "aws_iam_role.ec2_instance_role",
            "aws_launch_template.wordpress-launch-template",
            "aws_security_group.webserver-sg",
            "aws_subnet.private",
            "aws_vpc.main",
            "data.aws_availability_zones.available",
            "random_shuffle.az_list"
          ]
        }
      ]
    },
    {
      "mode": "managed",
      "type": "aws_autoscaling_notification",
      "name": "somex_notifications",
      "provider": "provider[\"registry.terraform.io/hashicorp/aws\"]",
      "instances": [
        {
          "schema_version": 0,
          "attributes": {
            "group_names": [
              "bastion-asg",
              "nginx-asg",
              "tooling-asg",
              "wordpress-asg"
            ],
            "id": "arn:aws:sns:us-east-1:704771385539:Default_CloudWatch_Alarms_Topic",
            "notifications": [
              "autoscaling:EC2_INSTANCE_LAUNCH",
              "autoscaling:EC2_INSTANCE_LAUNCH_ERROR",
              "autoscaling:EC2_INSTANCE_TERMINATE",
              "autoscaling:EC2_INSTANCE_TERMINATE_ERROR"
            ],
            "topic_arn": "arn:aws:sns:us-east-1:704771385539:Default_CloudWatch_Alarms_Topic"
          },
          "sensitive_attributes": [],
          "private": "bnVsbA==",
          "dependencies": [
            "aws_autoscaling_group.bastion-asg",
            "aws_autoscaling_group.nginx-asg",
            "aws_autoscaling_group.tooling-asg",
            "aws_autoscaling_group.wordpress-asg",
            "aws_iam_instance_profile.ip",
            "aws_iam_role.ec2_instance_role",
            "aws_launch_template.bastion-launch-template",
            "aws_launch_template.nginx-launch-template",
            "aws_launch_template.tooling-launch-template",
            "aws_launch_template.wordpress-launch-template",
            "aws_security_group.bastion_sg",
            "aws_security_group.nginx-sg",
            "aws_security_group.webserver-sg",
            "aws_sns_topic.somex-sns",
            "aws_subnet.private",
            "aws_subnet.public",
            "aws_vpc.main",
            "data.aws_availability_zones.available",
            "random_shuffle.az_list"
          ]
        }
      ]
    },
    {
      "mode": "managed",
      "type": "aws_db_instance",
      "name": "ACS-rds",
      "provider": "provider[\"registry.terraform.io/hashicorp/aws\"]",
      "instances": [
        {
          "schema_version": 1,
          "attributes": {
            "address": "terraform-2022041820103078650000000c.cd1jxkcw9ffd.us-east-1.rds.amazonaws.com",
            "allocated_storage": 20,
            "allow_major_version_upgrade": null,
            "apply_immediately": null,
            "arn": "arn:aws:rds:us-east-1:704771385539:db:terraform-2022041820103078650000000c",
            "auto_minor_version_upgrade": true,
            "availability_zone": "us-east-1e",
            "backup_retention_period": 0,
            "backup_window": "04:56-05:26",
            "ca_cert_identifier": "rds-ca-2019",
            "character_set_name": "",
            "copy_tags_to_snapshot": false,
            "customer_owned_ip_enabled": false,
            "db_name": "somex",
            "db_subnet_group_name": "acs-rds",
            "delete_automated_backups": true,
            "deletion_protection": false,
            "domain": "",
            "domain_iam_role_name": "",
            "enabled_cloudwatch_logs_exports": null,
            "endpoint": "terraform-2022041820103078650000000c.cd1jxkcw9ffd.us-east-1.rds.amazonaws.com:3306",
            "engine": "mysql",
            "engine_version": "5.7",
            "engine_version_actual": "5.7.37",
            "final_snapshot_identifier": null,
            "hosted_zone_id": "Z2R2ITUGPM61AM",
            "iam_database_authentication_enabled": false,
            "id": "terraform-2022041820103078650000000c",
            "identifier": "terraform-2022041820103078650000000c",
            "identifier_prefix": "terraform-",
            "instance_class": "db.t2.micro",
            "iops": 0,
            "kms_key_id": "",
            "latest_restorable_time": "0001-01-01T00:00:00Z",
            "license_model": "general-public-license",
            "maintenance_window": "thu:06:51-thu:07:21",
            "max_allocated_storage": 0,
            "monitoring_interval": 0,
            "monitoring_role_arn": "",
            "multi_az": true,
            "name": "somex",
            "nchar_character_set_name": "",
            "option_group_name": "default:mysql-5-7",
            "parameter_group_name": "default.mysql5.7",
            "password": "password123",
            "performance_insights_enabled": false,
            "performance_insights_kms_key_id": "",
            "performance_insights_retention_period": 0,
            "port": 3306,
            "publicly_accessible": false,
            "replica_mode": "",
            "replicas": [],
            "replicate_source_db": "",
            "resource_id": "db-KXKQRV7WLNEMWFCNK5UJXJAS2Y",
            "restore_to_point_in_time": [],
            "s3_import": [],
            "security_group_names": null,
            "skip_final_snapshot": true,
            "snapshot_identifier": null,
            "status": "available",
            "storage_encrypted": false,
            "storage_type": "gp2",
            "tags": null,
            "tags_all": {},
            "timeouts": null,
            "timezone": "",
            "username": "somex",
            "vpc_security_group_ids": [
              "sg-0fdca9ca311e6d790"
            ]
          },
          "sensitive_attributes": [],
          "private": "eyJlMmJmYjczMC1lY2FhLTExZTYtOGY4OC0zNDM2M2JjN2M0YzAiOnsiY3JlYXRlIjoyNDAwMDAwMDAwMDAwLCJkZWxldGUiOjM2MDAwMDAwMDAwMDAsInVwZGF0ZSI6NDgwMDAwMDAwMDAwMH0sInNjaGVtYV92ZXJzaW9uIjoiMSJ9",
          "dependencies": [
            "aws_db_subnet_group.ACS-rds",
            "aws_security_group.datalayer-sg",
            "aws_subnet.private",
            "aws_vpc.main",
            "data.aws_availability_zones.available",
            "random_shuffle.az_list"
          ]
        }
      ]
    },
    {
      "mode": "managed",
      "type": "aws_db_subnet_group",
      "name": "ACS-rds",
      "provider": "provider[\"registry.terraform.io/hashicorp/aws\"]",
      "instances": [
        {
          "schema_version": 0,
          "attributes": {
            "arn": "arn:aws:rds:us-east-1:704771385539:subgrp:acs-rds",
            "description": "Managed by Terraform",
            "id": "acs-rds",
            "name": "acs-rds",
            "name_prefix": null,
            "subnet_ids": [
              "subnet-039ca4fb16fd6abaa",
              "subnet-0e9f934ce9e3fe3a9"
            ],
            "tags": {
              "Billing-Account": "1234567890",
              "Enviroment": "production",
              "Managed-By": "Terraform",
              "Name": "ACS-rds",
              "Owner-Email": "somex@tech.io"
            },
            "tags_all": {
              "Billing-Account": "1234567890",
              "Enviroment": "production",
              "Managed-By": "Terraform",
              "Name": "ACS-rds",
              "Owner-Email": "somex@tech.io"
            }
          },
          "sensitive_attributes": [],
          "private": "bnVsbA==",
          "dependencies": [
            "aws_subnet.private",
            "aws_vpc.main",
            "data.aws_availability_zones.available",
            "random_shuffle.az_list"
          ]
        }
      ]
    },
    {
      "mode": "managed",
      "type": "aws_efs_access_point",
      "name": "tooling",
      "provider": "provider[\"registry.terraform.io/hashicorp/aws\"]",
      "instances": [
        {
          "schema_version": 0,
          "attributes": {
            "arn": "arn:aws:elasticfilesystem:us-east-1:704771385539:access-point/fsap-092575fc06d61f4de",
            "file_system_arn": "arn:aws:elasticfilesystem:us-east-1:704771385539:file-system/fs-085b58051bcb67891",
            "file_system_id": "fs-085b58051bcb67891",
            "id": "fsap-092575fc06d61f4de",
            "owner_id": "704771385539",
            "posix_user": [
              {
                "gid": 0,
                "secondary_gids": null,
                "uid": 0
              }
            ],
            "root_directory": [
              {
                "creation_info": [
                  {
                    "owner_gid": 0,
                    "owner_uid": 0,
                    "permissions": "755"
                  }
                ],
                "path": "/tooling"
              }
            ],
            "tags": null,
            "tags_all": {}
          },
          "sensitive_attributes": [],
          "private": "bnVsbA==",
          "dependencies": [
            "aws_efs_file_system.ACS-efs",
            "aws_kms_key.ACS-kms"
          ]
        }
      ]
    },
    {
      "mode": "managed",
      "type": "aws_efs_access_point",
      "name": "wordpress",
      "provider": "provider[\"registry.terraform.io/hashicorp/aws\"]",
      "instances": [
        {
          "schema_version": 0,
          "attributes": {
            "arn": "arn:aws:elasticfilesystem:us-east-1:704771385539:access-point/fsap-05d0060b0bd3420e5",
            "file_system_arn": "arn:aws:elasticfilesystem:us-east-1:704771385539:file-system/fs-085b58051bcb67891",
            "file_system_id": "fs-085b58051bcb67891",
            "id": "fsap-05d0060b0bd3420e5",
            "owner_id": "704771385539",
            "posix_user": [
              {
                "gid": 0,
                "secondary_gids": null,
                "uid": 0
              }
            ],
            "root_directory": [
              {
                "creation_info": [
                  {
                    "owner_gid": 0,
                    "owner_uid": 0,
                    "permissions": "755"
                  }
                ],
                "path": "/wordpress"
              }
            ],
            "tags": null,
            "tags_all": {}
          },
          "sensitive_attributes": [],
          "private": "bnVsbA==",
          "dependencies": [
            "aws_efs_file_system.ACS-efs",
            "aws_kms_key.ACS-kms"
          ]
        }
      ]
    },
    {
      "mode": "managed",
      "type": "aws_efs_file_system",
      "name": "ACS-efs",
      "provider": "provider[\"registry.terraform.io/hashicorp/aws\"]",
      "instances": [
        {
          "schema_version": 0,
          "attributes": {
            "arn": "arn:aws:elasticfilesystem:us-east-1:704771385539:file-system/fs-085b58051bcb67891",
            "availability_zone_id": "",
            "availability_zone_name": "",
            "creation_token": "terraform-20220418200954404000000003",
            "dns_name": "fs-085b58051bcb67891.efs.us-east-1.amazonaws.com",
            "encrypted": true,
            "id": "fs-085b58051bcb67891",
            "kms_key_id": "arn:aws:kms:us-east-1:704771385539:key/2877ff28-a375-4eba-9168-eadab7125530",
            "lifecycle_policy": [],
            "number_of_mount_targets": 0,
            "owner_id": "704771385539",
            "performance_mode": "generalPurpose",
            "provisioned_throughput_in_mibps": 0,
            "size_in_bytes": [
              {
                "value": 6144,
                "value_in_ia": 0,
                "value_in_standard": 6144
              }
            ],
            "tags": {
              "Billing-Account": "1234567890",
              "Enviroment": "production",
              "Managed-By": "Terraform",
              "Name": "ACS-efs",
              "Owner-Email": "somex@tech.io"
            },
            "tags_all": {
              "Billing-Account": "1234567890",
              "Enviroment": "production",
              "Managed-By": "Terraform",
              "Name": "ACS-efs",
              "Owner-Email": "somex@tech.io"
            },
            "throughput_mode": "bursting"
          },
          "sensitive_attributes": [],
          "private": "bnVsbA==",
          "dependencies": [
            "aws_kms_key.ACS-kms"
          ]
        }
      ]
    },
    {
      "mode": "managed",
      "type": "aws_efs_mount_target",
      "name": "subnet-1",
      "provider": "provider[\"registry.terraform.io/hashicorp/aws\"]",
      "instances": [
        {
          "schema_version": 0,
          "attributes": {
            "availability_zone_id": "use1-az6",
            "availability_zone_name": "us-east-1c",
            "dns_name": "fs-085b58051bcb67891.efs.us-east-1.amazonaws.com",
            "file_system_arn": "arn:aws:elasticfilesystem:us-east-1:704771385539:file-system/fs-085b58051bcb67891",
            "file_system_id": "fs-085b58051bcb67891",
            "id": "fsmt-0d4cccb0991741b4a",
            "ip_address": "172.16.46.123",
            "mount_target_dns_name": "us-east-1c.fs-085b58051bcb67891.efs.us-east-1.amazonaws.com",
            "network_interface_id": "eni-0f81335a8af209239",
            "owner_id": "704771385539",
            "security_groups": [
              "sg-0fdca9ca311e6d790"
            ],
            "subnet_id": "subnet-039ca4fb16fd6abaa"
          },
          "sensitive_attributes": [],
          "private": "bnVsbA==",
          "dependencies": [
            "aws_efs_file_system.ACS-efs",
            "aws_kms_key.ACS-kms",
            "aws_security_group.datalayer-sg",
            "aws_subnet.private",
            "aws_vpc.main",
            "data.aws_availability_zones.available",
            "random_shuffle.az_list"
          ]
        }
      ]
    },
    {
      "mode": "managed",
      "type": "aws_efs_mount_target",
      "name": "subnet-2",
      "provider": "provider[\"registry.terraform.io/hashicorp/aws\"]",
      "instances": [
        {
          "schema_version": 0,
          "attributes": {
            "availability_zone_id": "use1-az3",
            "availability_zone_name": "us-east-1e",
            "dns_name": "fs-085b58051bcb67891.efs.us-east-1.amazonaws.com",
            "file_system_arn": "arn:aws:elasticfilesystem:us-east-1:704771385539:file-system/fs-085b58051bcb67891",
            "file_system_id": "fs-085b58051bcb67891",
            "id": "fsmt-096260f037a814171",
            "ip_address": "172.16.50.135",
            "mount_target_dns_name": "us-east-1e.fs-085b58051bcb67891.efs.us-east-1.amazonaws.com",
            "network_interface_id": "eni-00cc2469f995d546f",
            "owner_id": "704771385539",
            "security_groups": [
              "sg-0fdca9ca311e6d790"
            ],
            "subnet_id": "subnet-0e9f934ce9e3fe3a9"
          },
          "sensitive_attributes": [],
          "private": "bnVsbA==",
          "dependencies": [
            "aws_efs_file_system.ACS-efs",
            "aws_kms_key.ACS-kms",
            "aws_security_group.datalayer-sg",
            "aws_subnet.private",
            "aws_vpc.main",
            "data.aws_availability_zones.available",
            "random_shuffle.az_list"
          ]
        }
      ]
    },
    {
      "mode": "managed",
      "type": "aws_eip",
      "name": "nat_eip",
      "provider": "provider[\"registry.terraform.io/hashicorp/aws\"]",
      "instances": [
        {
          "schema_version": 0,
          "attributes": {
            "address": null,
            "allocation_id": "eipalloc-039d4a5c0e90c2b44",
            "associate_with_private_ip": null,
            "association_id": "",
            "carrier_ip": "",
            "customer_owned_ip": "",
            "customer_owned_ipv4_pool": "",
            "domain": "vpc",
            "id": "eipalloc-039d4a5c0e90c2b44",
            "instance": "",
            "network_border_group": "us-east-1",
            "network_interface": "",
            "private_dns": null,
            "private_ip": "",
            "public_dns": "ec2-18-214-13-254.compute-1.amazonaws.com",
            "public_ip": "18.214.13.254",
            "public_ipv4_pool": "amazon",
            "tags": {
              "Billing-Account": "1234567890",
              "Enviroment": "production",
              "Managed-By": "Terraform",
              "Name": "project16-EIP",
              "Owner-Email": "somex@tech.io"
            },
            "tags_all": {
              "Billing-Account": "1234567890",
              "Enviroment": "production",
              "Managed-By": "Terraform",
              "Name": "project16-EIP",
              "Owner-Email": "somex@tech.io"
            },
            "timeouts": null,
            "vpc": true
          },
          "sensitive_attributes": [],
          "private": "eyJlMmJmYjczMC1lY2FhLTExZTYtOGY4OC0zNDM2M2JjN2M0YzAiOnsiZGVsZXRlIjoxODAwMDAwMDAwMDAsInJlYWQiOjkwMDAwMDAwMDAwMCwidXBkYXRlIjozMDAwMDAwMDAwMDB9fQ==",
          "dependencies": [
            "aws_internet_gateway.ig",
            "aws_vpc.main"
          ]
        }
      ]
    },
    {
      "mode": "managed",
      "type": "aws_iam_instance_profile",
      "name": "ip",
      "provider": "provider[\"registry.terraform.io/hashicorp/aws\"]",
      "instances": [
        {
          "schema_version": 0,
          "attributes": {
            "arn": "arn:aws:iam::704771385539:instance-profile/aws_instance_profile_test",
            "create_date": "2022-04-18T20:09:51Z",
            "id": "aws_instance_profile_test",
            "name": "aws_instance_profile_test",
            "name_prefix": null,
            "path": "/",
            "role": "ec2_instance_role",
            "tags": null,
            "tags_all": {},
            "unique_id": "AIPA2IF5F5DB2IS66FFWX"
          },
          "sensitive_attributes": [],
          "private": "bnVsbA==",
          "dependencies": [
            "aws_iam_role.ec2_instance_role"
          ],
          "create_before_destroy": true
        }
      ]
    },
    {
      "mode": "managed",
      "type": "aws_iam_policy",
      "name": "policy",
      "provider": "provider[\"registry.terraform.io/hashicorp/aws\"]",
      "instances": [
        {
          "schema_version": 0,
          "attributes": {
            "arn": "arn:aws:iam::704771385539:policy/ec2_instance_policy",
            "description": "A test policy",
            "id": "arn:aws:iam::704771385539:policy/ec2_instance_policy",
            "name": "ec2_instance_policy",
            "name_prefix": null,
            "path": "/",
            "policy": "{\"Statement\":[{\"Action\":[\"ec2:Describe*\"],\"Effect\":\"Allow\",\"Resource\":\"*\"}],\"Version\":\"2012-10-17\"}",
            "policy_id": "ANPA2IF5F5DBSWPVEQBSG",
            "tags": {
              "Billing-Account": "1234567890",
              "Enviroment": "production",
              "Managed-By": "Terraform",
              "Name": "aws assume policy",
              "Owner-Email": "somex@tech.io"
            },
            "tags_all": {
              "Billing-Account": "1234567890",
              "Enviroment": "production",
              "Managed-By": "Terraform",
              "Name": "aws assume policy",
              "Owner-Email": "somex@tech.io"
            }
          },
          "sensitive_attributes": [],
          "private": "bnVsbA=="
        }
      ]
    },
    {
      "mode": "managed",
      "type": "aws_iam_role",
      "name": "ec2_instance_role",
      "provider": "provider[\"registry.terraform.io/hashicorp/aws\"]",
      "instances": [
        {
          "schema_version": 0,
          "attributes": {
            "arn": "arn:aws:iam::704771385539:role/ec2_instance_role",
            "assume_role_policy": "{\"Version\":\"2012-10-17\",\"Statement\":[{\"Sid\":\"\",\"Effect\":\"Allow\",\"Principal\":{\"Service\":\"ec2.amazonaws.com\"},\"Action\":\"sts:AssumeRole\"}]}",
            "create_date": "2022-04-18T20:09:50Z",
            "description": "",
            "force_detach_policies": false,
            "id": "ec2_instance_role",
            "inline_policy": [
              {
                "name": "",
                "policy": ""
              }
            ],
            "managed_policy_arns": [],
            "max_session_duration": 3600,
            "name": "ec2_instance_role",
            "name_prefix": "",
            "path": "/",
            "permissions_boundary": null,
            "tags": {
              "Billing-Account": "1234567890",
              "Enviroment": "production",
              "Managed-By": "Terraform",
              "Name": "aws assume role",
              "Owner-Email": "somex@tech.io"
            },
            "tags_all": {
              "Billing-Account": "1234567890",
              "Enviroment": "production",
              "Managed-By": "Terraform",
              "Name": "aws assume role",
              "Owner-Email": "somex@tech.io"
            },
            "unique_id": "AROA2IF5F5DBWR45UTZUB"
          },
          "sensitive_attributes": [],
          "private": "bnVsbA==",
          "create_before_destroy": true
        }
      ]
    },
    {
      "mode": "managed",
      "type": "aws_iam_role_policy_attachment",
      "name": "test-attach",
      "provider": "provider[\"registry.terraform.io/hashicorp/aws\"]",
      "instances": [
        {
          "schema_version": 0,
          "attributes": {
            "id": "ec2_instance_role-20220418200951037600000002",
            "policy_arn": "arn:aws:iam::704771385539:policy/ec2_instance_policy",
            "role": "ec2_instance_role"
          },
          "sensitive_attributes": [],
          "private": "bnVsbA==",
          "dependencies": [
            "aws_iam_policy.policy",
            "aws_iam_role.ec2_instance_role"
          ]
        }
      ]
    },
    {
      "mode": "managed",
      "type": "aws_internet_gateway",
      "name": "ig",
      "provider": "provider[\"registry.terraform.io/hashicorp/aws\"]",
      "instances": [
        {
          "schema_version": 0,
          "attributes": {
            "arn": "arn:aws:ec2:us-east-1:704771385539:internet-gateway/igw-046ad9f9b4d0b561e",
            "id": "igw-046ad9f9b4d0b561e",
            "owner_id": "704771385539",
            "tags": {
              "Billing-Account": "1234567890",
              "Enviroment": "production",
              "Managed-By": "Terraform",
              "Name": "vpc-0c7d465aa128d7636-IG!",
              "Owner-Email": "somex@tech.io"
            },
            "tags_all": {
              "Billing-Account": "1234567890",
              "Enviroment": "production",
              "Managed-By": "Terraform",
              "Name": "vpc-0c7d465aa128d7636-IG!",
              "Owner-Email": "somex@tech.io"
            },
            "vpc_id": "vpc-0c7d465aa128d7636"
          },
          "sensitive_attributes": [],
          "private": "bnVsbA==",
          "dependencies": [
            "aws_vpc.main"
          ]
        }
      ]
    },
    {
      "mode": "managed",
      "type": "aws_kms_alias",
      "name": "alias",
      "provider": "provider[\"registry.terraform.io/hashicorp/aws\"]",
      "instances": [
        {
          "schema_version": 0,
          "attributes": {
            "arn": "arn:aws:kms:us-east-1:704771385539:alias/kms",
            "id": "alias/kms",
            "name": "alias/kms",
            "name_prefix": "",
            "target_key_arn": "arn:aws:kms:us-east-1:704771385539:key/2877ff28-a375-4eba-9168-eadab7125530",
            "target_key_id": "2877ff28-a375-4eba-9168-eadab7125530"
          },
          "sensitive_attributes": [],
          "private": "bnVsbA==",
          "dependencies": [
            "aws_kms_key.ACS-kms"
          ]
        }
      ]
    },
    {
      "mode": "managed",
      "type": "aws_kms_key",
      "name": "ACS-kms",
      "provider": "provider[\"registry.terraform.io/hashicorp/aws\"]",
      "instances": [
        {
          "schema_version": 0,
          "attributes": {
            "arn": "arn:aws:kms:us-east-1:704771385539:key/2877ff28-a375-4eba-9168-eadab7125530",
            "bypass_policy_lockout_safety_check": false,
            "customer_master_key_spec": "SYMMETRIC_DEFAULT",
            "deletion_window_in_days": null,
            "description": "KMS key ",
            "enable_key_rotation": false,
            "id": "2877ff28-a375-4eba-9168-eadab7125530",
            "is_enabled": true,
            "key_id": "2877ff28-a375-4eba-9168-eadab7125530",
            "key_usage": "ENCRYPT_DECRYPT",
            "multi_region": false,
            "policy": "  {\r\n  \"Version\": \"2012-10-17\",\r\n  \"Id\": \"kms-key-policy\",\r\n  \"Statement\": [\r\n    {\r\n      \"Sid\": \"Enable IAM User Permissions\",\r\n      \"Effect\": \"Allow\",\r\n      \"Principal\": { \"AWS\": \"arn:aws:iam::704771385539:user/somex-terraform\" },\r\n      \"Action\": \"kms:*\",\r\n      \"Resource\": \"*\"\r\n    }\r\n  ]\r\n}\r\n",
            "tags": null,
            "tags_all": {}
          },
          "sensitive_attributes": [],
          "private": "bnVsbA=="
        }
      ]
    },
    {
      "mode": "managed",
      "type": "aws_launch_template",
      "name": "bastion-launch-template",
      "provider": "provider[\"registry.terraform.io/hashicorp/aws\"]",
      "instances": [
        {
          "schema_version": 0,
          "attributes": {
            "arn": "arn:aws:ec2:us-east-1:704771385539:launch-template/lt-0333b16775a617a04",
            "block_device_mappings": [],
            "capacity_reservation_specification": [],
            "cpu_options": [],
            "credit_specification": [],
            "default_version": 1,
            "description": "",
            "disable_api_termination": false,
            "ebs_optimized": "",
            "elastic_gpu_specifications": [],
            "elastic_inference_accelerator": [],
            "enclave_options": [],
            "hibernation_options": [],
            "iam_instance_profile": [
              {
                "arn": "",
                "name": "aws_instance_profile_test"
              }
            ],
            "id": "lt-0333b16775a617a04",
            "image_id": "ami-0b0af3577fe5e3532",
            "instance_initiated_shutdown_behavior": "",
            "instance_market_options": [],
            "instance_type": "t2.micro",
            "kernel_id": "",
            "key_name": "project1",
            "latest_version": 1,
            "license_specification": [],
            "metadata_options": [],
            "monitoring": [],
            "name": "terraform-20220418201016676900000008",
            "name_prefix": "terraform-",
            "network_interfaces": [],
            "placement": [
              {
                "affinity": "",
                "availability_zone": "random_shuffle.az_list.result",
                "group_name": "",
                "host_id": "",
                "host_resource_group_arn": "",
                "partition_number": 0,
                "spread_domain": "",
                "tenancy": ""
              }
            ],
            "private_dns_name_options": [],
            "ram_disk_id": "",
            "security_group_names": null,
            "tag_specifications": [
              {
                "resource_type": "instance",
                "tags": {
                  "Billing-Account": "1234567890",
                  "Enviroment": "production",
                  "Managed-By": "Terraform",
                  "Name": "bastion-launch-template",
                  "Owner-Email": "somex@tech.io"
                }
              }
            ],
            "tags": null,
            "tags_all": {},
            "update_default_version": null,
            "user_data": "IyEvYmluL2Jhc2ggCnl1bSBpbnN0YWxsIC15IG15c3FsIAp5dW0gaW5zdGFsbCAteSAKZ2l0IHRtdXggCnl1bSBpbnN0YWxsIC15IGFuc2libGU=",
            "vpc_security_group_ids": [
              "sg-0d9dc21497c989400"
            ]
          },
          "sensitive_attributes": [],
          "private": "bnVsbA==",
          "dependencies": [
            "aws_iam_instance_profile.ip",
            "aws_iam_role.ec2_instance_role",
            "aws_security_group.bastion_sg",
            "aws_vpc.main"
          ],
          "create_before_destroy": true
        }
      ]
    },
    {
      "mode": "managed",
      "type": "aws_launch_template",
      "name": "nginx-launch-template",
      "provider": "provider[\"registry.terraform.io/hashicorp/aws\"]",
      "instances": [
        {
          "schema_version": 0,
          "attributes": {
            "arn": "arn:aws:ec2:us-east-1:704771385539:launch-template/lt-0f3450b3d8e8376fb",
            "block_device_mappings": [],
            "capacity_reservation_specification": [],
            "cpu_options": [],
            "credit_specification": [],
            "default_version": 1,
            "description": "",
            "disable_api_termination": false,
            "ebs_optimized": "",
            "elastic_gpu_specifications": [],
            "elastic_inference_accelerator": [],
            "enclave_options": [],
            "hibernation_options": [],
            "iam_instance_profile": [
              {
                "arn": "",
                "name": "aws_instance_profile_test"
              }
            ],
            "id": "lt-0f3450b3d8e8376fb",
            "image_id": "ami-0b0af3577fe5e3532",
            "instance_initiated_shutdown_behavior": "",
            "instance_market_options": [],
            "instance_type": "t2.micro",
            "kernel_id": "",
            "key_name": "project1",
            "latest_version": 1,
            "license_specification": [],
            "metadata_options": [],
            "monitoring": [],
            "name": "terraform-2022041820101959480000000a",
            "name_prefix": "terraform-",
            "network_interfaces": [],
            "placement": [
              {
                "affinity": "",
                "availability_zone": "random_shuffle.az_list.result",
                "group_name": "",
                "host_id": "",
                "host_resource_group_arn": "",
                "partition_number": 0,
                "spread_domain": "",
                "tenancy": ""
              }
            ],
            "private_dns_name_options": [],
            "ram_disk_id": "",
            "security_group_names": null,
            "tag_specifications": [
              {
                "resource_type": "instance",
                "tags": {
                  "Billing-Account": "1234567890",
                  "Enviroment": "production",
                  "Managed-By": "Terraform",
                  "Name": "nginx-launch-template",
                  "Owner-Email": "somex@tech.io"
                }
              }
            ],
            "tags": null,
            "tags_all": {},
            "update_default_version": null,
            "user_data": "IyEvYmluL2Jhc2gKeXVtIGluc3RhbGwgLXkgbmdpbngKc3lzdGVtY3RsIHN0YXJ0IG5naW54CnN5c3RlbWN0bCBlbmFibGUgbmdpbngKZ2l0IGNsb25lIGh0dHBzOi8vZ2l0aHViLmNvbS9MaXZpbmdzdG9uZTk1L0FDUy1wcm9qZWN0LWNvbmZpZy5naXQKbXYgL0FDUy1wcm9qZWN0LWNvbmZpZy9yZXZlcnNlLmNvbmYgL2V0Yy9uZ2lueC8KbXYgL2V0Yy9uZ2lueC9uZ2lueC5jb25mIC9ldGMvbmdpbngvbmdpbnguY29uZi1kaXN0cm8KY2QgL2V0Yy9uZ2lueC8KdG91Y2ggbmdpbnguY29uZgpzZWQgLW4gJ3cgbmdpbnguY29uZicgcmV2ZXJzZS5jb25mCnN5c3RlbWN0bCByZXN0YXJ0IG5naW54CnJtIC1yZiByZXZlcnNlLmNvbmYKcm0gLXJmIC9BQ1MtcHJvamVjdC1jb25maWc=",
            "vpc_security_group_ids": [
              "sg-05ae50d6cb7f89529"
            ]
          },
          "sensitive_attributes": [],
          "private": "bnVsbA==",
          "dependencies": [
            "aws_iam_instance_profile.ip",
            "aws_iam_role.ec2_instance_role",
            "aws_security_group.nginx-sg",
            "aws_vpc.main"
          ],
          "create_before_destroy": true
        }
      ]
    },
    {
      "mode": "managed",
      "type": "aws_launch_template",
      "name": "tooling-launch-template",
      "provider": "provider[\"registry.terraform.io/hashicorp/aws\"]",
      "instances": [
        {
          "schema_version": 0,
          "attributes": {
            "arn": "arn:aws:ec2:us-east-1:704771385539:launch-template/lt-0bd31e0b72825aea1",
            "block_device_mappings": [],
            "capacity_reservation_specification": [],
            "cpu_options": [],
            "credit_specification": [],
            "default_version": 1,
            "description": "",
            "disable_api_termination": false,
            "ebs_optimized": "",
            "elastic_gpu_specifications": [],
            "elastic_inference_accelerator": [],
            "enclave_options": [],
            "hibernation_options": [],
            "iam_instance_profile": [
              {
                "arn": "",
                "name": "aws_instance_profile_test"
              }
            ],
            "id": "lt-0bd31e0b72825aea1",
            "image_id": "ami-0b0af3577fe5e3532",
            "instance_initiated_shutdown_behavior": "",
            "instance_market_options": [],
            "instance_type": "t2.micro",
            "kernel_id": "",
            "key_name": "project1",
            "latest_version": 1,
            "license_specification": [],
            "metadata_options": [],
            "monitoring": [],
            "name": "terraform-20220418201015934400000006",
            "name_prefix": "terraform-",
            "network_interfaces": [],
            "placement": [
              {
                "affinity": "",
                "availability_zone": "random_shuffle.az_list.result",
                "group_name": "",
                "host_id": "",
                "host_resource_group_arn": "",
                "partition_number": 0,
                "spread_domain": "",
                "tenancy": ""
              }
            ],
            "private_dns_name_options": [],
            "ram_disk_id": "",
            "security_group_names": null,
            "tag_specifications": [
              {
                "resource_type": "instance",
                "tags": {
                  "Billing-Account": "1234567890",
                  "Enviroment": "production",
                  "Managed-By": "Terraform",
                  "Name": "tooling-launch-template",
                  "Owner-Email": "somex@tech.io"
                }
              }
            ],
            "tags": null,
            "tags_all": {},
            "update_default_version": null,
            "user_data": "IyEvYmluL2Jhc2gKbWtkaXIgL3Zhci93d3cvCnN1ZG8gbW91bnQgLXQgZWZzIC1vIHRscyxhY2Nlc3Nwb2ludD1mc2FwLTAxYzEzYTQwMTljYTU5ZGJlIGZzLThiNTAxZDNmOi8gL3Zhci93d3cvCnl1bSBpbnN0YWxsIC15IGh0dHBkIApzeXN0ZW1jdGwgc3RhcnQgaHR0cGQKc3lzdGVtY3RsIGVuYWJsZSBodHRwZAp5dW0gbW9kdWxlIHJlc2V0IHBocCAteQp5dW0gbW9kdWxlIGVuYWJsZSBwaHA6cmVtaS03LjQgLXkKeXVtIGluc3RhbGwgLXkgcGhwIHBocC1jb21tb24gcGhwLW1ic3RyaW5nIHBocC1vcGNhY2hlIHBocC1pbnRsIHBocC14bWwgcGhwLWdkIHBocC1jdXJsIHBocC1teXNxbG5kIHBocC1mcG0gcGhwLWpzb24Kc3lzdGVtY3RsIHN0YXJ0IHBocC1mcG0Kc3lzdGVtY3RsIGVuYWJsZSBwaHAtZnBtCmdpdCBjbG9uZSBodHRwczovL2dpdGh1Yi5jb20vTGl2aW5nc3RvbmU5NS90b29saW5nLTEuZ2l0Cm1rZGlyIC92YXIvd3d3L2h0bWwKY3AgLVIgL3Rvb2xpbmctMS9odG1sLyogIC92YXIvd3d3L2h0bWwvCmNkIC90b29saW5nLTEKbXlzcWwgLWggYWNzLWRhdGFiYXNlLmNkcXBiamtldGh2MC51cy1lYXN0LTEucmRzLmFtYXpvbmF3cy5jb20gLXUgQUNTYWRtaW4gLXAgdG9vbGluZ2RiIDwgdG9vbGluZy1kYi5zcWwKY2QgL3Zhci93d3cvaHRtbC8KdG91Y2ggaGVhbHRoc3RhdHVzCnNlZCAtaSAicy8kZGIgPSBteXNxbGlfY29ubmVjdCgnbXlzcWwudG9vbGluZy5zdmMuY2x1c3Rlci5sb2NhbCcsICdhZG1pbicsICdhZG1pbicsICd0b29saW5nJyk7LyRkYiA9IG15c3FsaV9jb25uZWN0KCdhY3MtZGF0YWJhc2UuY2RxcGJqa2V0aHYwLnVzLWVhc3QtMS5yZHMuYW1hem9uYXdzLmNvbScsICdBQ1NhZG1pbicsICdhZG1pbjEyMzQ1JywgJ3Rvb2xpbmdkYicpOy9nIiBmdW5jdGlvbnMucGhwCmNoY29uIC10IGh0dHBkX3N5c19yd19jb250ZW50X3QgL3Zhci93d3cvaHRtbC8gLVIKc3lzdGVtY3RsIHJlc3RhcnQgaHR0cGQ=",
            "vpc_security_group_ids": [
              "sg-047b1dc15b9f235ec"
            ]
          },
          "sensitive_attributes": [],
          "private": "bnVsbA==",
          "dependencies": [
            "aws_iam_instance_profile.ip",
            "aws_iam_role.ec2_instance_role",
            "aws_security_group.webserver-sg",
            "aws_vpc.main"
          ],
          "create_before_destroy": true
        }
      ]
    },
    {
      "mode": "managed",
      "type": "aws_launch_template",
      "name": "wordpress-launch-template",
      "provider": "provider[\"registry.terraform.io/hashicorp/aws\"]",
      "instances": [
        {
          "schema_version": 0,
          "attributes": {
            "arn": "arn:aws:ec2:us-east-1:704771385539:launch-template/lt-0ca16de377cd02470",
            "block_device_mappings": [],
            "capacity_reservation_specification": [],
            "cpu_options": [],
            "credit_specification": [],
            "default_version": 1,
            "description": "",
            "disable_api_termination": false,
            "ebs_optimized": "",
            "elastic_gpu_specifications": [],
            "elastic_inference_accelerator": [],
            "enclave_options": [],
            "hibernation_options": [],
            "iam_instance_profile": [
              {
                "arn": "",
                "name": "aws_instance_profile_test"
              }
            ],
            "id": "lt-0ca16de377cd02470",
            "image_id": "ami-0b0af3577fe5e3532",
            "instance_initiated_shutdown_behavior": "",
            "instance_market_options": [],
            "instance_type": "t2.micro",
            "kernel_id": "",
            "key_name": "project1",
            "latest_version": 1,
            "license_specification": [],
            "metadata_options": [],
            "monitoring": [],
            "name": "terraform-20220418201014156700000004",
            "name_prefix": "terraform-",
            "network_interfaces": [],
            "placement": [
              {
                "affinity": "",
                "availability_zone": "random_shuffle.az_list.result",
                "group_name": "",
                "host_id": "",
                "host_resource_group_arn": "",
                "partition_number": 0,
                "spread_domain": "",
                "tenancy": ""
              }
            ],
            "private_dns_name_options": [],
            "ram_disk_id": "",
            "security_group_names": null,
            "tag_specifications": [
              {
                "resource_type": "instance",
                "tags": {
                  "Billing-Account": "1234567890",
                  "Enviroment": "production",
                  "Managed-By": "Terraform",
                  "Name": "wordpress-launch-template",
                  "Owner-Email": "somex@tech.io"
                }
              }
            ],
            "tags": null,
            "tags_all": {},
            "update_default_version": null,
            "user_data": "IyEvYmluL2Jhc2gKbWtkaXIgL3Zhci93d3cvCnN1ZG8gbW91bnQgLXQgZWZzIC1vIHRscyxhY2Nlc3Nwb2ludD1mc2FwLTBmOTM2NDY3OTM4M2ZmYmMwIGZzLThiNTAxZDNmOi8gL3Zhci93d3cvCnl1bSBpbnN0YWxsIC15IGh0dHBkIApzeXN0ZW1jdGwgc3RhcnQgaHR0cGQKc3lzdGVtY3RsIGVuYWJsZSBodHRwZAp5dW0gbW9kdWxlIHJlc2V0IHBocCAteQp5dW0gbW9kdWxlIGVuYWJsZSBwaHA6cmVtaS03LjQgLXkKeXVtIGluc3RhbGwgLXkgcGhwIHBocC1jb21tb24gcGhwLW1ic3RyaW5nIHBocC1vcGNhY2hlIHBocC1pbnRsIHBocC14bWwgcGhwLWdkIHBocC1jdXJsIHBocC1teXNxbG5kIHBocC1mcG0gcGhwLWpzb24Kc3lzdGVtY3RsIHN0YXJ0IHBocC1mcG0Kc3lzdGVtY3RsIGVuYWJsZSBwaHAtZnBtCndnZXQgaHR0cDovL3dvcmRwcmVzcy5vcmcvbGF0ZXN0LnRhci5negp0YXIgeHp2ZiBsYXRlc3QudGFyLmd6CnJtIC1yZiBsYXRlc3QudGFyLmd6CmNwIHdvcmRwcmVzcy93cC1jb25maWctc2FtcGxlLnBocCB3b3JkcHJlc3Mvd3AtY29uZmlnLnBocApta2RpciAvdmFyL3d3dy9odG1sLwpjcCAtUiAvd29yZHByZXNzLyogL3Zhci93d3cvaHRtbC8KY2QgL3Zhci93d3cvaHRtbC8KdG91Y2ggaGVhbHRoc3RhdHVzCnNlZCAtaSAicy9sb2NhbGhvc3QvYWNzLWRhdGFiYXNlLmNkcXBiamtldGh2MC51cy1lYXN0LTEucmRzLmFtYXpvbmF3cy5jb20vZyIgd3AtY29uZmlnLnBocCAKc2VkIC1pICJzL3VzZXJuYW1lX2hlcmUvQUNTYWRtaW4vZyIgd3AtY29uZmlnLnBocCAKc2VkIC1pICJzL3Bhc3N3b3JkX2hlcmUvYWRtaW4xMjM0NS9nIiB3cC1jb25maWcucGhwIApzZWQgLWkgInMvZGF0YWJhc2VfbmFtZV9oZXJlL3dvcmRwcmVzc2RiL2ciIHdwLWNvbmZpZy5waHAgCmNoY29uIC10IGh0dHBkX3N5c19yd19jb250ZW50X3QgL3Zhci93d3cvaHRtbC8gLVIKc3lzdGVtY3RsIHJlc3RhcnQgaHR0cGQ=",
            "vpc_security_group_ids": [
              "sg-047b1dc15b9f235ec"
            ]
          },
          "sensitive_attributes": [],
          "private": "bnVsbA==",
          "dependencies": [
            "aws_iam_instance_profile.ip",
            "aws_iam_role.ec2_instance_role",
            "aws_security_group.webserver-sg",
            "aws_vpc.main"
          ],
          "create_before_destroy": true
        }
      ]
    },
    {
      "mode": "managed",
      "type": "aws_lb",
      "name": "ext-alb",
      "provider": "provider[\"registry.terraform.io/hashicorp/aws\"]",
      "instances": [
        {
          "schema_version": 0,
          "attributes": {
            "access_logs": [
              {
                "bucket": "",
                "enabled": false,
                "prefix": ""
              }
            ],
            "arn": "arn:aws:elasticloadbalancing:us-east-1:704771385539:loadbalancer/app/ext-alb/7d1089db65a7aac3",
            "arn_suffix": "app/ext-alb/7d1089db65a7aac3",
            "customer_owned_ipv4_pool": "",
            "desync_mitigation_mode": "defensive",
            "dns_name": "ext-alb-377535.us-east-1.elb.amazonaws.com",
            "drop_invalid_header_fields": false,
            "enable_cross_zone_load_balancing": null,
            "enable_deletion_protection": false,
            "enable_http2": true,
            "enable_waf_fail_open": false,
            "id": "arn:aws:elasticloadbalancing:us-east-1:704771385539:loadbalancer/app/ext-alb/7d1089db65a7aac3",
            "idle_timeout": 60,
            "internal": false,
            "ip_address_type": "ipv4",
            "load_balancer_type": "application",
            "name": "ext-alb",
            "name_prefix": null,
            "security_groups": [
              "sg-0e3fca17b4989cfca"
            ],
            "subnet_mapping": [
              {
                "allocation_id": "",
                "ipv6_address": "",
                "outpost_id": "",
                "private_ipv4_address": "",
                "subnet_id": "subnet-0bdb631af2c17f3ba"
              },
              {
                "allocation_id": "",
                "ipv6_address": "",
                "outpost_id": "",
                "private_ipv4_address": "",
                "subnet_id": "subnet-0f8d71c80dcb621c5"
              }
            ],
            "subnets": [
              "subnet-0bdb631af2c17f3ba",
              "subnet-0f8d71c80dcb621c5"
            ],
            "tags": {
              "Billing-Account": "1234567890",
              "Enviroment": "production",
              "Managed-By": "Terraform",
              "Name": "ACS-ext-alb",
              "Owner-Email": "somex@tech.io"
            },
            "tags_all": {
              "Billing-Account": "1234567890",
              "Enviroment": "production",
              "Managed-By": "Terraform",
              "Name": "ACS-ext-alb",
              "Owner-Email": "somex@tech.io"
            },
            "timeouts": null,
            "vpc_id": "vpc-0c7d465aa128d7636",
            "zone_id": "Z35SXDOTRQ7X7K"
          },
          "sensitive_attributes": [],
          "private": "eyJlMmJmYjczMC1lY2FhLTExZTYtOGY4OC0zNDM2M2JjN2M0YzAiOnsiY3JlYXRlIjo2MDAwMDAwMDAwMDAsImRlbGV0ZSI6NjAwMDAwMDAwMDAwLCJ1cGRhdGUiOjYwMDAwMDAwMDAwMH19",
          "dependencies": [
            "aws_security_group.ext-alb-sg",
            "aws_subnet.public",
            "aws_vpc.main",
            "data.aws_availability_zones.available",
            "random_shuffle.az_list"
          ]
        }
      ]
    },
    {
      "mode": "managed",
      "type": "aws_lb",
      "name": "ialb",
      "provider": "provider[\"registry.terraform.io/hashicorp/aws\"]",
      "instances": [
        {
          "schema_version": 0,
          "attributes": {
            "access_logs": [
              {
                "bucket": "",
                "enabled": false,
                "prefix": ""
              }
            ],
            "arn": "arn:aws:elasticloadbalancing:us-east-1:704771385539:loadbalancer/app/ialb/27a0f352c15968c9",
            "arn_suffix": "app/ialb/27a0f352c15968c9",
            "customer_owned_ipv4_pool": "",
            "desync_mitigation_mode": "defensive",
            "dns_name": "internal-ialb-646617419.us-east-1.elb.amazonaws.com",
            "drop_invalid_header_fields": false,
            "enable_cross_zone_load_balancing": null,
            "enable_deletion_protection": false,
            "enable_http2": true,
            "enable_waf_fail_open": false,
            "id": "arn:aws:elasticloadbalancing:us-east-1:704771385539:loadbalancer/app/ialb/27a0f352c15968c9",
            "idle_timeout": 60,
            "internal": true,
            "ip_address_type": "ipv4",
            "load_balancer_type": "application",
            "name": "ialb",
            "name_prefix": null,
            "security_groups": [
              "sg-0ad59385f762b4336"
            ],
            "subnet_mapping": [
              {
                "allocation_id": "",
                "ipv6_address": "",
                "outpost_id": "",
                "private_ipv4_address": "",
                "subnet_id": "subnet-055e5e1357ca7bb0f"
              },
              {
                "allocation_id": "",
                "ipv6_address": "",
                "outpost_id": "",
                "private_ipv4_address": "",
                "subnet_id": "subnet-08e0d8a93cae1d5f2"
              }
            ],
            "subnets": [
              "subnet-055e5e1357ca7bb0f",
              "subnet-08e0d8a93cae1d5f2"
            ],
            "tags": {
              "Billing-Account": "1234567890",
              "Enviroment": "production",
              "Managed-By": "Terraform",
              "Name": "ACS-int-alb",
              "Owner-Email": "somex@tech.io"
            },
            "tags_all": {
              "Billing-Account": "1234567890",
              "Enviroment": "production",
              "Managed-By": "Terraform",
              "Name": "ACS-int-alb",
              "Owner-Email": "somex@tech.io"
            },
            "timeouts": null,
            "vpc_id": "vpc-0c7d465aa128d7636",
            "zone_id": "Z35SXDOTRQ7X7K"
          },
          "sensitive_attributes": [],
          "private": "eyJlMmJmYjczMC1lY2FhLTExZTYtOGY4OC0zNDM2M2JjN2M0YzAiOnsiY3JlYXRlIjo2MDAwMDAwMDAwMDAsImRlbGV0ZSI6NjAwMDAwMDAwMDAwLCJ1cGRhdGUiOjYwMDAwMDAwMDAwMH19",
          "dependencies": [
            "aws_security_group.int-alb-sg",
            "aws_subnet.private",
            "aws_vpc.main",
            "data.aws_availability_zones.available",
            "random_shuffle.az_list"
          ]
        }
      ]
    },
    {
      "mode": "managed",
      "type": "aws_lb_listener",
      "name": "nginx-listner",
      "provider": "provider[\"registry.terraform.io/hashicorp/aws\"]",
      "instances": [
        {
          "schema_version": 0,
          "attributes": {
            "alpn_policy": null,
            "arn": "arn:aws:elasticloadbalancing:us-east-1:704771385539:listener/app/ext-alb/7d1089db65a7aac3/a2286a0198556565",
            "certificate_arn": "arn:aws:acm:us-east-1:704771385539:certificate/db8ba285-91ff-40bc-a337-0ab05534fa00",
            "default_action": [
              {
                "authenticate_cognito": [],
                "authenticate_oidc": [],
                "fixed_response": [],
                "forward": [],
                "order": 1,
                "redirect": [],
                "target_group_arn": "arn:aws:elasticloadbalancing:us-east-1:704771385539:targetgroup/nginx-tgt/9e77cd80b67578d7",
                "type": "forward"
              }
            ],
            "id": "arn:aws:elasticloadbalancing:us-east-1:704771385539:listener/app/ext-alb/7d1089db65a7aac3/a2286a0198556565",
            "load_balancer_arn": "arn:aws:elasticloadbalancing:us-east-1:704771385539:loadbalancer/app/ext-alb/7d1089db65a7aac3",
            "port": 443,
            "protocol": "HTTPS",
            "ssl_policy": "ELBSecurityPolicy-2016-08",
            "tags": null,
            "tags_all": {},
            "timeouts": null
          },
          "sensitive_attributes": [],
          "private": "eyJlMmJmYjczMC1lY2FhLTExZTYtOGY4OC0zNDM2M2JjN2M0YzAiOnsicmVhZCI6NjAwMDAwMDAwMDAwfX0=",
          "dependencies": [
            "aws_acm_certificate.somdev",
            "aws_acm_certificate_validation.somdev",
            "aws_lb.ext-alb",
            "aws_lb_target_group.nginx-tgt",
            "aws_route53_record.somdev",
            "aws_security_group.ext-alb-sg",
            "aws_subnet.public",
            "aws_vpc.main",
            "data.aws_availability_zones.available",
            "data.aws_route53_zone.somdev",
            "random_shuffle.az_list"
          ]
        }
      ]
    },
    {
      "mode": "managed",
      "type": "aws_lb_listener",
      "name": "web-listener",
      "provider": "provider[\"registry.terraform.io/hashicorp/aws\"]",
      "instances": [
        {
          "schema_version": 0,
          "attributes": {
            "alpn_policy": null,
            "arn": "arn:aws:elasticloadbalancing:us-east-1:704771385539:listener/app/ialb/27a0f352c15968c9/3aa1c2adcd070b6d",
            "certificate_arn": "arn:aws:acm:us-east-1:704771385539:certificate/db8ba285-91ff-40bc-a337-0ab05534fa00",
            "default_action": [
              {
                "authenticate_cognito": [],
                "authenticate_oidc": [],
                "fixed_response": [],
                "forward": [],
                "order": 1,
                "redirect": [],
                "target_group_arn": "arn:aws:elasticloadbalancing:us-east-1:704771385539:targetgroup/wordpress-tgt/42743b9d1326f106",
                "type": "forward"
              }
            ],
            "id": "arn:aws:elasticloadbalancing:us-east-1:704771385539:listener/app/ialb/27a0f352c15968c9/3aa1c2adcd070b6d",
            "load_balancer_arn": "arn:aws:elasticloadbalancing:us-east-1:704771385539:loadbalancer/app/ialb/27a0f352c15968c9",
            "port": 443,
            "protocol": "HTTPS",
            "ssl_policy": "ELBSecurityPolicy-2016-08",
            "tags": null,
            "tags_all": {},
            "timeouts": null
          },
          "sensitive_attributes": [],
          "private": "eyJlMmJmYjczMC1lY2FhLTExZTYtOGY4OC0zNDM2M2JjN2M0YzAiOnsicmVhZCI6NjAwMDAwMDAwMDAwfX0=",
          "dependencies": [
            "aws_acm_certificate.somdev",
            "aws_acm_certificate_validation.somdev",
            "aws_lb.ialb",
            "aws_lb_target_group.wordpress-tgt",
            "aws_route53_record.somdev",
            "aws_security_group.int-alb-sg",
            "aws_subnet.private",
            "aws_vpc.main",
            "data.aws_availability_zones.available",
            "data.aws_route53_zone.somdev",
            "random_shuffle.az_list"
          ]
        }
      ]
    },
    {
      "mode": "managed",
      "type": "aws_lb_listener_rule",
      "name": "tooling-listener",
      "provider": "provider[\"registry.terraform.io/hashicorp/aws\"]",
      "instances": [
        {
          "schema_version": 0,
          "attributes": {
            "action": [
              {
                "authenticate_cognito": [],
                "authenticate_oidc": [],
                "fixed_response": [],
                "forward": [],
                "order": 1,
                "redirect": [],
                "target_group_arn": "arn:aws:elasticloadbalancing:us-east-1:704771385539:targetgroup/tooling-tgt/c8c3f2758b018257",
                "type": "forward"
              }
            ],
            "arn": "arn:aws:elasticloadbalancing:us-east-1:704771385539:listener-rule/app/ialb/27a0f352c15968c9/3aa1c2adcd070b6d/c8b94ac97c8b9e46",
            "condition": [
              {
                "host_header": [
                  {
                    "values": [
                      "tooling.somdev.ga"
                    ]
                  }
                ],
                "http_header": [],
                "http_request_method": [],
                "path_pattern": [],
                "query_string": [],
                "source_ip": []
              }
            ],
            "id": "arn:aws:elasticloadbalancing:us-east-1:704771385539:listener-rule/app/ialb/27a0f352c15968c9/3aa1c2adcd070b6d/c8b94ac97c8b9e46",
            "listener_arn": "arn:aws:elasticloadbalancing:us-east-1:704771385539:listener/app/ialb/27a0f352c15968c9/3aa1c2adcd070b6d",
            "priority": 99,
            "tags": null,
            "tags_all": {}
          },
          "sensitive_attributes": [],
          "private": "bnVsbA==",
          "dependencies": [
            "aws_acm_certificate.somdev",
            "aws_acm_certificate_validation.somdev",
            "aws_lb.ialb",
            "aws_lb_listener.web-listener",
            "aws_lb_target_group.tooling-tgt",
            "aws_lb_target_group.wordpress-tgt",
            "aws_route53_record.somdev",
            "aws_security_group.int-alb-sg",
            "aws_subnet.private",
            "aws_vpc.main",
            "data.aws_availability_zones.available",
            "data.aws_route53_zone.somdev",
            "random_shuffle.az_list"
          ]
        }
      ]
    },
    {
      "mode": "managed",
      "type": "aws_lb_target_group",
      "name": "nginx-tgt",
      "provider": "provider[\"registry.terraform.io/hashicorp/aws\"]",
      "instances": [
        {
          "schema_version": 0,
          "attributes": {
            "arn": "arn:aws:elasticloadbalancing:us-east-1:704771385539:targetgroup/nginx-tgt/9e77cd80b67578d7",
            "arn_suffix": "targetgroup/nginx-tgt/9e77cd80b67578d7",
            "connection_termination": false,
            "deregistration_delay": "300",
            "health_check": [
              {
                "enabled": true,
                "healthy_threshold": 5,
                "interval": 10,
                "matcher": "200",
                "path": "/healthstatus",
                "port": "traffic-port",
                "protocol": "HTTPS",
                "timeout": 5,
                "unhealthy_threshold": 2
              }
            ],
            "id": "arn:aws:elasticloadbalancing:us-east-1:704771385539:targetgroup/nginx-tgt/9e77cd80b67578d7",
            "lambda_multi_value_headers_enabled": false,
            "load_balancing_algorithm_type": "round_robin",
            "name": "nginx-tgt",
            "name_prefix": null,
            "port": 443,
            "preserve_client_ip": null,
            "protocol": "HTTPS",
            "protocol_version": "HTTP1",
            "proxy_protocol_v2": false,
            "slow_start": 0,
            "stickiness": [
              {
                "cookie_duration": 86400,
                "cookie_name": "",
                "enabled": false,
                "type": "lb_cookie"
              }
            ],
            "tags": null,
            "tags_all": {},
            "target_type": "instance",
            "vpc_id": "vpc-0c7d465aa128d7636"
          },
          "sensitive_attributes": [],
          "private": "bnVsbA==",
          "dependencies": [
            "aws_vpc.main"
          ]
        }
      ]
    },
    {
      "mode": "managed",
      "type": "aws_lb_target_group",
      "name": "tooling-tgt",
      "provider": "provider[\"registry.terraform.io/hashicorp/aws\"]",
      "instances": [
        {
          "schema_version": 0,
          "attributes": {
            "arn": "arn:aws:elasticloadbalancing:us-east-1:704771385539:targetgroup/tooling-tgt/c8c3f2758b018257",
            "arn_suffix": "targetgroup/tooling-tgt/c8c3f2758b018257",
            "connection_termination": false,
            "deregistration_delay": "300",
            "health_check": [
              {
                "enabled": true,
                "healthy_threshold": 5,
                "interval": 10,
                "matcher": "200",
                "path": "/healthstatus",
                "port": "traffic-port",
                "protocol": "HTTPS",
                "timeout": 5,
                "unhealthy_threshold": 2
              }
            ],
            "id": "arn:aws:elasticloadbalancing:us-east-1:704771385539:targetgroup/tooling-tgt/c8c3f2758b018257",
            "lambda_multi_value_headers_enabled": false,
            "load_balancing_algorithm_type": "round_robin",
            "name": "tooling-tgt",
            "name_prefix": null,
            "port": 443,
            "preserve_client_ip": null,
            "protocol": "HTTPS",
            "protocol_version": "HTTP1",
            "proxy_protocol_v2": false,
            "slow_start": 0,
            "stickiness": [
              {
                "cookie_duration": 86400,
                "cookie_name": "",
                "enabled": false,
                "type": "lb_cookie"
              }
            ],
            "tags": null,
            "tags_all": {},
            "target_type": "instance",
            "vpc_id": "vpc-0c7d465aa128d7636"
          },
          "sensitive_attributes": [],
          "private": "bnVsbA==",
          "dependencies": [
            "aws_vpc.main"
          ]
        }
      ]
    },
    {
      "mode": "managed",
      "type": "aws_lb_target_group",
      "name": "wordpress-tgt",
      "provider": "provider[\"registry.terraform.io/hashicorp/aws\"]",
      "instances": [
        {
          "schema_version": 0,
          "attributes": {
            "arn": "arn:aws:elasticloadbalancing:us-east-1:704771385539:targetgroup/wordpress-tgt/42743b9d1326f106",
            "arn_suffix": "targetgroup/wordpress-tgt/42743b9d1326f106",
            "connection_termination": false,
            "deregistration_delay": "300",
            "health_check": [
              {
                "enabled": true,
                "healthy_threshold": 5,
                "interval": 10,
                "matcher": "200",
                "path": "/healthstatus",
                "port": "traffic-port",
                "protocol": "HTTPS",
                "timeout": 5,
                "unhealthy_threshold": 2
              }
            ],
            "id": "arn:aws:elasticloadbalancing:us-east-1:704771385539:targetgroup/wordpress-tgt/42743b9d1326f106",
            "lambda_multi_value_headers_enabled": false,
            "load_balancing_algorithm_type": "round_robin",
            "name": "wordpress-tgt",
            "name_prefix": null,
            "port": 443,
            "preserve_client_ip": null,
            "protocol": "HTTPS",
            "protocol_version": "HTTP1",
            "proxy_protocol_v2": false,
            "slow_start": 0,
            "stickiness": [
              {
                "cookie_duration": 86400,
                "cookie_name": "",
                "enabled": false,
                "type": "lb_cookie"
              }
            ],
            "tags": null,
            "tags_all": {},
            "target_type": "instance",
            "vpc_id": "vpc-0c7d465aa128d7636"
          },
          "sensitive_attributes": [],
          "private": "bnVsbA==",
          "dependencies": [
            "aws_vpc.main"
          ]
        }
      ]
    },
    {
      "mode": "managed",
      "type": "aws_nat_gateway",
      "name": "nat",
      "provider": "provider[\"registry.terraform.io/hashicorp/aws\"]",
      "instances": [
        {
          "schema_version": 0,
          "attributes": {
            "allocation_id": "eipalloc-039d4a5c0e90c2b44",
            "connectivity_type": "public",
            "id": "nat-062e8c6425a6ce6f2",
            "network_interface_id": "eni-01bc863903190b4a8",
            "private_ip": "172.16.75.70",
            "public_ip": "18.214.13.254",
            "subnet_id": "subnet-0f8d71c80dcb621c5",
            "tags": {
              "Billing-Account": "1234567890",
              "Enviroment": "production",
              "Managed-By": "Terraform",
              "Name": "project16-Nat",
              "Owner-Email": "somex@tech.io"
            },
            "tags_all": {
              "Billing-Account": "1234567890",
              "Enviroment": "production",
              "Managed-By": "Terraform",
              "Name": "project16-Nat",
              "Owner-Email": "somex@tech.io"
            }
          },
          "sensitive_attributes": [],
          "private": "bnVsbA==",
          "dependencies": [
            "aws_eip.nat_eip",
            "aws_internet_gateway.ig",
            "aws_subnet.public",
            "aws_vpc.main",
            "data.aws_availability_zones.available",
            "random_shuffle.az_list"
          ]
        }
      ]
    },
    {
      "mode": "managed",
      "type": "aws_route",
      "name": "private-rtb-route",
      "provider": "provider[\"registry.terraform.io/hashicorp/aws\"]",
      "instances": [
        {
          "schema_version": 0,
          "attributes": {
            "carrier_gateway_id": "",
            "core_network_arn": "",
            "destination_cidr_block": "0.0.0.0/0",
            "destination_ipv6_cidr_block": "",
            "destination_prefix_list_id": "",
            "egress_only_gateway_id": "",
            "gateway_id": "",
            "id": "r-rtb-093720281b3a1709e1080289494",
            "instance_id": "",
            "instance_owner_id": "",
            "local_gateway_id": "",
            "nat_gateway_id": "nat-062e8c6425a6ce6f2",
            "network_interface_id": "",
            "origin": "CreateRoute",
            "route_table_id": "rtb-093720281b3a1709e",
            "state": "active",
            "timeouts": null,
            "transit_gateway_id": "",
            "vpc_endpoint_id": "",
            "vpc_peering_connection_id": ""
          },
          "sensitive_attributes": [],
          "private": "eyJlMmJmYjczMC1lY2FhLTExZTYtOGY4OC0zNDM2M2JjN2M0YzAiOnsiY3JlYXRlIjozMDAwMDAwMDAwMDAsImRlbGV0ZSI6MzAwMDAwMDAwMDAwLCJ1cGRhdGUiOjEyMDAwMDAwMDAwMH19",
          "dependencies": [
            "aws_eip.nat_eip",
            "aws_internet_gateway.ig",
            "aws_nat_gateway.nat",
            "aws_route_table.private-rtb",
            "aws_subnet.public",
            "aws_vpc.main",
            "data.aws_availability_zones.available",
            "random_shuffle.az_list"
          ]
        }
      ]
    },
    {
      "mode": "managed",
      "type": "aws_route",
      "name": "public-rtb-route",
      "provider": "provider[\"registry.terraform.io/hashicorp/aws\"]",
      "instances": [
        {
          "schema_version": 0,
          "attributes": {
            "carrier_gateway_id": "",
            "core_network_arn": "",
            "destination_cidr_block": "0.0.0.0/0",
            "destination_ipv6_cidr_block": "",
            "destination_prefix_list_id": "",
            "egress_only_gateway_id": "",
            "gateway_id": "igw-046ad9f9b4d0b561e",
            "id": "r-rtb-0ce03a10d1e8763a11080289494",
            "instance_id": "",
            "instance_owner_id": "",
            "local_gateway_id": "",
            "nat_gateway_id": "",
            "network_interface_id": "",
            "origin": "CreateRoute",
            "route_table_id": "rtb-0ce03a10d1e8763a1",
            "state": "active",
            "timeouts": null,
            "transit_gateway_id": "",
            "vpc_endpoint_id": "",
            "vpc_peering_connection_id": ""
          },
          "sensitive_attributes": [],
          "private": "eyJlMmJmYjczMC1lY2FhLTExZTYtOGY4OC0zNDM2M2JjN2M0YzAiOnsiY3JlYXRlIjozMDAwMDAwMDAwMDAsImRlbGV0ZSI6MzAwMDAwMDAwMDAwLCJ1cGRhdGUiOjEyMDAwMDAwMDAwMH19",
          "dependencies": [
            "aws_internet_gateway.ig",
            "aws_route_table.public-rtb",
            "aws_vpc.main"
          ]
        }
      ]
    },
    {
      "mode": "managed",
      "type": "aws_route53_record",
      "name": "somdev",
      "provider": "provider[\"registry.terraform.io/hashicorp/aws\"]",
      "instances": [
        {
          "index_key": "*.somdev.ga",
          "schema_version": 2,
          "attributes": {
            "alias": [],
            "allow_overwrite": true,
            "failover_routing_policy": [],
            "fqdn": "_bfbc0c4c8599e736e16920ad6c6f1803.somdev.ga",
            "geolocation_routing_policy": [],
            "health_check_id": null,
            "id": "Z0926136VJB4UES6HRF2__bfbc0c4c8599e736e16920ad6c6f1803.somdev.ga._CNAME",
            "latency_routing_policy": [],
            "multivalue_answer_routing_policy": null,
            "name": "_bfbc0c4c8599e736e16920ad6c6f1803.somdev.ga",
            "records": [
              "_0b366ac086d9efd4ca645174870648c7.qwknvqrlct.acm-validations.aws."
            ],
            "set_identifier": null,
            "ttl": 60,
            "type": "CNAME",
            "weighted_routing_policy": [],
            "zone_id": "Z0926136VJB4UES6HRF2"
          },
          "sensitive_attributes": [],
          "private": "eyJzY2hlbWFfdmVyc2lvbiI6IjIifQ==",
          "dependencies": [
            "aws_acm_certificate.somdev",
            "data.aws_route53_zone.somdev"
          ]
        }
      ]
    },
    {
      "mode": "managed",
      "type": "aws_route53_record",
      "name": "tooling",
      "provider": "provider[\"registry.terraform.io/hashicorp/aws\"]",
      "instances": [
        {
          "schema_version": 2,
          "attributes": {
            "alias": [
              {
                "evaluate_target_health": true,
                "name": "ext-alb-377535.us-east-1.elb.amazonaws.com",
                "zone_id": "Z35SXDOTRQ7X7K"
              }
            ],
            "allow_overwrite": null,
            "failover_routing_policy": [],
            "fqdn": "tooling.somdev.ga",
            "geolocation_routing_policy": [],
            "health_check_id": null,
            "id": "Z0926136VJB4UES6HRF2_tooling.somdev.ga_A",
            "latency_routing_policy": [],
            "multivalue_answer_routing_policy": null,
            "name": "tooling.somdev.ga",
            "records": null,
            "set_identifier": null,
            "ttl": null,
            "type": "A",
            "weighted_routing_policy": [],
            "zone_id": "Z0926136VJB4UES6HRF2"
          },
          "sensitive_attributes": [],
          "private": "eyJzY2hlbWFfdmVyc2lvbiI6IjIifQ==",
          "dependencies": [
            "aws_lb.ext-alb",
            "aws_security_group.ext-alb-sg",
            "aws_subnet.public",
            "aws_vpc.main",
            "data.aws_availability_zones.available",
            "data.aws_route53_zone.somdev",
            "random_shuffle.az_list"
          ]
        }
      ]
    },
    {
      "mode": "managed",
      "type": "aws_route53_record",
      "name": "wordpress",
      "provider": "provider[\"registry.terraform.io/hashicorp/aws\"]",
      "instances": [
        {
          "schema_version": 2,
          "attributes": {
            "alias": [
              {
                "evaluate_target_health": true,
                "name": "ext-alb-377535.us-east-1.elb.amazonaws.com",
                "zone_id": "Z35SXDOTRQ7X7K"
              }
            ],
            "allow_overwrite": null,
            "failover_routing_policy": [],
            "fqdn": "wordpress.somdev.ga",
            "geolocation_routing_policy": [],
            "health_check_id": null,
            "id": "Z0926136VJB4UES6HRF2_wordpress.somdev.ga_A",
            "latency_routing_policy": [],
            "multivalue_answer_routing_policy": null,
            "name": "wordpress.somdev.ga",
            "records": null,
            "set_identifier": null,
            "ttl": null,
            "type": "A",
            "weighted_routing_policy": [],
            "zone_id": "Z0926136VJB4UES6HRF2"
          },
          "sensitive_attributes": [],
          "private": "eyJzY2hlbWFfdmVyc2lvbiI6IjIifQ==",
          "dependencies": [
            "aws_lb.ext-alb",
            "aws_security_group.ext-alb-sg",
            "aws_subnet.public",
            "aws_vpc.main",
            "data.aws_availability_zones.available",
            "data.aws_route53_zone.somdev",
            "random_shuffle.az_list"
          ]
        }
      ]
    },
    {
      "mode": "managed",
      "type": "aws_route_table",
      "name": "private-rtb",
      "provider": "provider[\"registry.terraform.io/hashicorp/aws\"]",
      "instances": [
        {
          "schema_version": 0,
          "attributes": {
            "arn": "arn:aws:ec2:us-east-1:704771385539:route-table/rtb-093720281b3a1709e",
            "id": "rtb-093720281b3a1709e",
            "owner_id": "704771385539",
            "propagating_vgws": [],
            "route": [],
            "tags": {
              "Billing-Account": "1234567890",
              "Enviroment": "production",
              "Managed-By": "Terraform",
              "Name": "project16-Private-Route-Table",
              "Owner-Email": "somex@tech.io"
            },
            "tags_all": {
              "Billing-Account": "1234567890",
              "Enviroment": "production",
              "Managed-By": "Terraform",
              "Name": "project16-Private-Route-Table",
              "Owner-Email": "somex@tech.io"
            },
            "timeouts": null,
            "vpc_id": "vpc-0c7d465aa128d7636"
          },
          "sensitive_attributes": [],
          "private": "eyJlMmJmYjczMC1lY2FhLTExZTYtOGY4OC0zNDM2M2JjN2M0YzAiOnsiY3JlYXRlIjozMDAwMDAwMDAwMDAsImRlbGV0ZSI6MzAwMDAwMDAwMDAwLCJ1cGRhdGUiOjEyMDAwMDAwMDAwMH19",
          "dependencies": [
            "aws_vpc.main"
          ]
        }
      ]
    },
    {
      "mode": "managed",
      "type": "aws_route_table",
      "name": "public-rtb",
      "provider": "provider[\"registry.terraform.io/hashicorp/aws\"]",
      "instances": [
        {
          "schema_version": 0,
          "attributes": {
            "arn": "arn:aws:ec2:us-east-1:704771385539:route-table/rtb-0ce03a10d1e8763a1",
            "id": "rtb-0ce03a10d1e8763a1",
            "owner_id": "704771385539",
            "propagating_vgws": [],
            "route": [],
            "tags": {
              "Billing-Account": "1234567890",
              "Enviroment": "production",
              "Managed-By": "Terraform",
              "Name": "project16-Public-Route-Table",
              "Owner-Email": "somex@tech.io"
            },
            "tags_all": {
              "Billing-Account": "1234567890",
              "Enviroment": "production",
              "Managed-By": "Terraform",
              "Name": "project16-Public-Route-Table",
              "Owner-Email": "somex@tech.io"
            },
            "timeouts": null,
            "vpc_id": "vpc-0c7d465aa128d7636"
          },
          "sensitive_attributes": [],
          "private": "eyJlMmJmYjczMC1lY2FhLTExZTYtOGY4OC0zNDM2M2JjN2M0YzAiOnsiY3JlYXRlIjozMDAwMDAwMDAwMDAsImRlbGV0ZSI6MzAwMDAwMDAwMDAwLCJ1cGRhdGUiOjEyMDAwMDAwMDAwMH19",
          "dependencies": [
            "aws_vpc.main"
          ]
        }
      ]
    },
    {
      "mode": "managed",
      "type": "aws_route_table_association",
      "name": "private-subnets-assoc",
      "provider": "provider[\"registry.terraform.io/hashicorp/aws\"]",
      "instances": [
        {
          "index_key": 0,
          "schema_version": 0,
          "attributes": {
            "gateway_id": "",
            "id": "rtbassoc-0d96858769d4b2212",
            "route_table_id": "rtb-093720281b3a1709e",
            "subnet_id": "subnet-08e0d8a93cae1d5f2"
          },
          "sensitive_attributes": [],
          "private": "bnVsbA==",
          "dependencies": [
            "aws_route_table.private-rtb",
            "aws_subnet.private",
            "aws_vpc.main",
            "data.aws_availability_zones.available",
            "random_shuffle.az_list"
          ]
        },
        {
          "index_key": 1,
          "schema_version": 0,
          "attributes": {
            "gateway_id": "",
            "id": "rtbassoc-0a13d16141657d01a",
            "route_table_id": "rtb-093720281b3a1709e",
            "subnet_id": "subnet-055e5e1357ca7bb0f"
          },
          "sensitive_attributes": [],
          "private": "bnVsbA==",
          "dependencies": [
            "aws_route_table.private-rtb",
            "aws_subnet.private",
            "aws_vpc.main",
            "data.aws_availability_zones.available",
            "random_shuffle.az_list"
          ]
        },
        {
          "index_key": 2,
          "schema_version": 0,
          "attributes": {
            "gateway_id": "",
            "id": "rtbassoc-07019ba20a793b5f3",
            "route_table_id": "rtb-093720281b3a1709e",
            "subnet_id": "subnet-039ca4fb16fd6abaa"
          },
          "sensitive_attributes": [],
          "private": "bnVsbA==",
          "dependencies": [
            "aws_route_table.private-rtb",
            "aws_subnet.private",
            "aws_vpc.main",
            "data.aws_availability_zones.available",
            "random_shuffle.az_list"
          ]
        },
        {
          "index_key": 3,
          "schema_version": 0,
          "attributes": {
            "gateway_id": "",
            "id": "rtbassoc-0f8cc4d5d3c1d9521",
            "route_table_id": "rtb-093720281b3a1709e",
            "subnet_id": "subnet-0e9f934ce9e3fe3a9"
          },
          "sensitive_attributes": [],
          "private": "bnVsbA==",
          "dependencies": [
            "aws_route_table.private-rtb",
            "aws_subnet.private",
            "aws_vpc.main",
            "data.aws_availability_zones.available",
            "random_shuffle.az_list"
          ]
        }
      ]
    },
    {
      "mode": "managed",
      "type": "aws_route_table_association",
      "name": "public-subnets-assoc",
      "provider": "provider[\"registry.terraform.io/hashicorp/aws\"]",
      "instances": [
        {
          "index_key": 0,
          "schema_version": 0,
          "attributes": {
            "gateway_id": "",
            "id": "rtbassoc-02e1d00ab04ae0860",
            "route_table_id": "rtb-0ce03a10d1e8763a1",
            "subnet_id": "subnet-0f8d71c80dcb621c5"
          },
          "sensitive_attributes": [],
          "private": "bnVsbA==",
          "dependencies": [
            "aws_route_table.public-rtb",
            "aws_subnet.public",
            "aws_vpc.main",
            "data.aws_availability_zones.available",
            "random_shuffle.az_list"
          ]
        },
        {
          "index_key": 1,
          "schema_version": 0,
          "attributes": {
            "gateway_id": "",
            "id": "rtbassoc-04c2eb4dc777190dd",
            "route_table_id": "rtb-0ce03a10d1e8763a1",
            "subnet_id": "subnet-0bdb631af2c17f3ba"
          },
          "sensitive_attributes": [],
          "private": "bnVsbA==",
          "dependencies": [
            "aws_route_table.public-rtb",
            "aws_subnet.public",
            "aws_vpc.main",
            "data.aws_availability_zones.available",
            "random_shuffle.az_list"
          ]
        }
      ]
    },
    {
      "mode": "managed",
      "type": "aws_security_group",
      "name": "bastion_sg",
      "provider": "provider[\"registry.terraform.io/hashicorp/aws\"]",
      "instances": [
        {
          "schema_version": 1,
          "attributes": {
            "arn": "arn:aws:ec2:us-east-1:704771385539:security-group/sg-0d9dc21497c989400",
            "description": "Allow incoming HTTP connections.",
            "egress": [
              {
                "cidr_blocks": [
                  "0.0.0.0/0"
                ],
                "description": "",
                "from_port": 0,
                "ipv6_cidr_blocks": [],
                "prefix_list_ids": [],
                "protocol": "-1",
                "security_groups": [],
                "self": false,
                "to_port": 0
              }
            ],
            "id": "sg-0d9dc21497c989400",
            "ingress": [
              {
                "cidr_blocks": [
                  "0.0.0.0/0"
                ],
                "description": "SSH",
                "from_port": 22,
                "ipv6_cidr_blocks": [],
                "prefix_list_ids": [],
                "protocol": "tcp",
                "security_groups": [],
                "self": false,
                "to_port": 22
              }
            ],
            "name": "vpc_web_sg",
            "name_prefix": "",
            "owner_id": "704771385539",
            "revoke_rules_on_delete": false,
            "tags": {
              "Billing-Account": "1234567890",
              "Enviroment": "production",
              "Managed-By": "Terraform",
              "Name": "Bastion-SG",
              "Owner-Email": "somex@tech.io"
            },
            "tags_all": {
              "Billing-Account": "1234567890",
              "Enviroment": "production",
              "Managed-By": "Terraform",
              "Name": "Bastion-SG",
              "Owner-Email": "somex@tech.io"
            },
            "timeouts": null,
            "vpc_id": "vpc-0c7d465aa128d7636"
          },
          "sensitive_attributes": [],
          "private": "eyJlMmJmYjczMC1lY2FhLTExZTYtOGY4OC0zNDM2M2JjN2M0YzAiOnsiY3JlYXRlIjo2MDAwMDAwMDAwMDAsImRlbGV0ZSI6OTAwMDAwMDAwMDAwfSwic2NoZW1hX3ZlcnNpb24iOiIxIn0=",
          "dependencies": [
            "aws_vpc.main"
          ],
          "create_before_destroy": true
        }
      ]
    },
    {
      "mode": "managed",
      "type": "aws_security_group",
      "name": "datalayer-sg",
      "provider": "provider[\"registry.terraform.io/hashicorp/aws\"]",
      "instances": [
        {
          "schema_version": 1,
          "attributes": {
            "arn": "arn:aws:ec2:us-east-1:704771385539:security-group/sg-0fdca9ca311e6d790",
            "description": "Managed by Terraform",
            "egress": [
              {
                "cidr_blocks": [
                  "0.0.0.0/0"
                ],
                "description": "",
                "from_port": 0,
                "ipv6_cidr_blocks": [],
                "prefix_list_ids": [],
                "protocol": "-1",
                "security_groups": [],
                "self": false,
                "to_port": 0
              }
            ],
            "id": "sg-0fdca9ca311e6d790",
            "ingress": [],
            "name": "datalayer-sg",
            "name_prefix": "",
            "owner_id": "704771385539",
            "revoke_rules_on_delete": false,
            "tags": {
              "Billing-Account": "1234567890",
              "Enviroment": "production",
              "Managed-By": "Terraform",
              "Name": "datalayer-sg",
              "Owner-Email": "somex@tech.io"
            },
            "tags_all": {
              "Billing-Account": "1234567890",
              "Enviroment": "production",
              "Managed-By": "Terraform",
              "Name": "datalayer-sg",
              "Owner-Email": "somex@tech.io"
            },
            "timeouts": null,
            "vpc_id": "vpc-0c7d465aa128d7636"
          },
          "sensitive_attributes": [],
          "private": "eyJlMmJmYjczMC1lY2FhLTExZTYtOGY4OC0zNDM2M2JjN2M0YzAiOnsiY3JlYXRlIjo2MDAwMDAwMDAwMDAsImRlbGV0ZSI6OTAwMDAwMDAwMDAwfSwic2NoZW1hX3ZlcnNpb24iOiIxIn0=",
          "dependencies": [
            "aws_vpc.main"
          ]
        }
      ]
    },
    {
      "mode": "managed",
      "type": "aws_security_group",
      "name": "ext-alb-sg",
      "provider": "provider[\"registry.terraform.io/hashicorp/aws\"]",
      "instances": [
        {
          "schema_version": 1,
          "attributes": {
            "arn": "arn:aws:ec2:us-east-1:704771385539:security-group/sg-0e3fca17b4989cfca",
            "description": "Allow TLS inbound traffic",
            "egress": [
              {
                "cidr_blocks": [
                  "0.0.0.0/0"
                ],
                "description": "",
                "from_port": 0,
                "ipv6_cidr_blocks": [],
                "prefix_list_ids": [],
                "protocol": "-1",
                "security_groups": [],
                "self": false,
                "to_port": 0
              }
            ],
            "id": "sg-0e3fca17b4989cfca",
            "ingress": [
              {
                "cidr_blocks": [
                  "0.0.0.0/0"
                ],
                "description": "HTTP",
                "from_port": 80,
                "ipv6_cidr_blocks": [],
                "prefix_list_ids": [],
                "protocol": "tcp",
                "security_groups": [],
                "self": false,
                "to_port": 80
              },
              {
                "cidr_blocks": [
                  "0.0.0.0/0"
                ],
                "description": "HTTPS",
                "from_port": 22,
                "ipv6_cidr_blocks": [],
                "prefix_list_ids": [],
                "protocol": "tcp",
                "security_groups": [],
                "self": false,
                "to_port": 22
              }
            ],
            "name": "ext-alb-sg",
            "name_prefix": "",
            "owner_id": "704771385539",
            "revoke_rules_on_delete": false,
            "tags": {
              "Billing-Account": "1234567890",
              "Enviroment": "production",
              "Managed-By": "Terraform",
              "Name": "ext-alb-sg",
              "Owner-Email": "somex@tech.io"
            },
            "tags_all": {
              "Billing-Account": "1234567890",
              "Enviroment": "production",
              "Managed-By": "Terraform",
              "Name": "ext-alb-sg",
              "Owner-Email": "somex@tech.io"
            },
            "timeouts": null,
            "vpc_id": "vpc-0c7d465aa128d7636"
          },
          "sensitive_attributes": [],
          "private": "eyJlMmJmYjczMC1lY2FhLTExZTYtOGY4OC0zNDM2M2JjN2M0YzAiOnsiY3JlYXRlIjo2MDAwMDAwMDAwMDAsImRlbGV0ZSI6OTAwMDAwMDAwMDAwfSwic2NoZW1hX3ZlcnNpb24iOiIxIn0=",
          "dependencies": [
            "aws_vpc.main"
          ]
        }
      ]
    },
    {
      "mode": "managed",
      "type": "aws_security_group",
      "name": "int-alb-sg",
      "provider": "provider[\"registry.terraform.io/hashicorp/aws\"]",
      "instances": [
        {
          "schema_version": 1,
          "attributes": {
            "arn": "arn:aws:ec2:us-east-1:704771385539:security-group/sg-0ad59385f762b4336",
            "description": "Managed by Terraform",
            "egress": [
              {
                "cidr_blocks": [
                  "0.0.0.0/0"
                ],
                "description": "",
                "from_port": 0,
                "ipv6_cidr_blocks": [],
                "prefix_list_ids": [],
                "protocol": "-1",
                "security_groups": [],
                "self": false,
                "to_port": 0
              }
            ],
            "id": "sg-0ad59385f762b4336",
            "ingress": [],
            "name": "my-alb-sg",
            "name_prefix": "",
            "owner_id": "704771385539",
            "revoke_rules_on_delete": false,
            "tags": {
              "Billing-Account": "1234567890",
              "Enviroment": "production",
              "Managed-By": "Terraform",
              "Name": "int-alb-sg",
              "Owner-Email": "somex@tech.io"
            },
            "tags_all": {
              "Billing-Account": "1234567890",
              "Enviroment": "production",
              "Managed-By": "Terraform",
              "Name": "int-alb-sg",
              "Owner-Email": "somex@tech.io"
            },
            "timeouts": null,
            "vpc_id": "vpc-0c7d465aa128d7636"
          },
          "sensitive_attributes": [],
          "private": "eyJlMmJmYjczMC1lY2FhLTExZTYtOGY4OC0zNDM2M2JjN2M0YzAiOnsiY3JlYXRlIjo2MDAwMDAwMDAwMDAsImRlbGV0ZSI6OTAwMDAwMDAwMDAwfSwic2NoZW1hX3ZlcnNpb24iOiIxIn0=",
          "dependencies": [
            "aws_vpc.main"
          ]
        }
      ]
    },
    {
      "mode": "managed",
      "type": "aws_security_group",
      "name": "nginx-sg",
      "provider": "provider[\"registry.terraform.io/hashicorp/aws\"]",
      "instances": [
        {
          "schema_version": 1,
          "attributes": {
            "arn": "arn:aws:ec2:us-east-1:704771385539:security-group/sg-05ae50d6cb7f89529",
            "description": "Managed by Terraform",
            "egress": [
              {
                "cidr_blocks": [
                  "0.0.0.0/0"
                ],
                "description": "",
                "from_port": 0,
                "ipv6_cidr_blocks": [],
                "prefix_list_ids": [],
                "protocol": "-1",
                "security_groups": [],
                "self": false,
                "to_port": 0
              }
            ],
            "id": "sg-05ae50d6cb7f89529",
            "ingress": [],
            "name": "nginx-sg",
            "name_prefix": "",
            "owner_id": "704771385539",
            "revoke_rules_on_delete": false,
            "tags": {
              "Billing-Account": "1234567890",
              "Enviroment": "production",
              "Managed-By": "Terraform",
              "Name": "nginx-SG",
              "Owner-Email": "somex@tech.io"
            },
            "tags_all": {
              "Billing-Account": "1234567890",
              "Enviroment": "production",
              "Managed-By": "Terraform",
              "Name": "nginx-SG",
              "Owner-Email": "somex@tech.io"
            },
            "timeouts": null,
            "vpc_id": "vpc-0c7d465aa128d7636"
          },
          "sensitive_attributes": [],
          "private": "eyJlMmJmYjczMC1lY2FhLTExZTYtOGY4OC0zNDM2M2JjN2M0YzAiOnsiY3JlYXRlIjo2MDAwMDAwMDAwMDAsImRlbGV0ZSI6OTAwMDAwMDAwMDAwfSwic2NoZW1hX3ZlcnNpb24iOiIxIn0=",
          "dependencies": [
            "aws_vpc.main"
          ],
          "create_before_destroy": true
        }
      ]
    },
    {
      "mode": "managed",
      "type": "aws_security_group",
      "name": "webserver-sg",
      "provider": "provider[\"registry.terraform.io/hashicorp/aws\"]",
      "instances": [
        {
          "schema_version": 1,
          "attributes": {
            "arn": "arn:aws:ec2:us-east-1:704771385539:security-group/sg-047b1dc15b9f235ec",
            "description": "Managed by Terraform",
            "egress": [
              {
                "cidr_blocks": [
                  "0.0.0.0/0"
                ],
                "description": "",
                "from_port": 0,
                "ipv6_cidr_blocks": [],
                "prefix_list_ids": [],
                "protocol": "-1",
                "security_groups": [],
                "self": false,
                "to_port": 0
              }
            ],
            "id": "sg-047b1dc15b9f235ec",
            "ingress": [],
            "name": "my-asg-sg",
            "name_prefix": "",
            "owner_id": "704771385539",
            "revoke_rules_on_delete": false,
            "tags": {
              "Billing-Account": "1234567890",
              "Enviroment": "production",
              "Managed-By": "Terraform",
              "Name": "webserver-sg",
              "Owner-Email": "somex@tech.io"
            },
            "tags_all": {
              "Billing-Account": "1234567890",
              "Enviroment": "production",
              "Managed-By": "Terraform",
              "Name": "webserver-sg",
              "Owner-Email": "somex@tech.io"
            },
            "timeouts": null,
            "vpc_id": "vpc-0c7d465aa128d7636"
          },
          "sensitive_attributes": [],
          "private": "eyJlMmJmYjczMC1lY2FhLTExZTYtOGY4OC0zNDM2M2JjN2M0YzAiOnsiY3JlYXRlIjo2MDAwMDAwMDAwMDAsImRlbGV0ZSI6OTAwMDAwMDAwMDAwfSwic2NoZW1hX3ZlcnNpb24iOiIxIn0=",
          "dependencies": [
            "aws_vpc.main"
          ],
          "create_before_destroy": true
        }
      ]
    },
    {
      "mode": "managed",
      "type": "aws_security_group_rule",
      "name": "inbound-bastion-ssh",
      "provider": "provider[\"registry.terraform.io/hashicorp/aws\"]",
      "instances": [
        {
          "schema_version": 2,
          "attributes": {
            "cidr_blocks": null,
            "description": null,
            "from_port": 22,
            "id": "sgrule-2544320724",
            "ipv6_cidr_blocks": null,
            "prefix_list_ids": null,
            "protocol": "tcp",
            "security_group_id": "sg-05ae50d6cb7f89529",
            "self": false,
            "source_security_group_id": "sg-0d9dc21497c989400",
            "to_port": 22,
            "type": "ingress"
          },
          "sensitive_attributes": [],
          "private": "eyJzY2hlbWFfdmVyc2lvbiI6IjIifQ==",
          "dependencies": [
            "aws_security_group.bastion_sg",
            "aws_security_group.nginx-sg",
            "aws_vpc.main"
          ]
        }
      ]
    },
    {
      "mode": "managed",
      "type": "aws_security_group_rule",
      "name": "inbound-ialb-https",
      "provider": "provider[\"registry.terraform.io/hashicorp/aws\"]",
      "instances": [
        {
          "schema_version": 2,
          "attributes": {
            "cidr_blocks": null,
            "description": null,
            "from_port": 443,
            "id": "sgrule-1041981616",
            "ipv6_cidr_blocks": null,
            "prefix_list_ids": null,
            "protocol": "tcp",
            "security_group_id": "sg-0ad59385f762b4336",
            "self": false,
            "source_security_group_id": "sg-05ae50d6cb7f89529",
            "to_port": 443,
            "type": "ingress"
          },
          "sensitive_attributes": [],
          "private": "eyJzY2hlbWFfdmVyc2lvbiI6IjIifQ==",
          "dependencies": [
            "aws_security_group.int-alb-sg",
            "aws_security_group.nginx-sg",
            "aws_vpc.main"
          ]
        }
      ]
    },
    {
      "mode": "managed",
      "type": "aws_security_group_rule",
      "name": "inbound-mysql-bastion",
      "provider": "provider[\"registry.terraform.io/hashicorp/aws\"]",
      "instances": [
        {
          "schema_version": 2,
          "attributes": {
            "cidr_blocks": null,
            "description": null,
            "from_port": 3306,
            "id": "sgrule-3158792352",
            "ipv6_cidr_blocks": null,
            "prefix_list_ids": null,
            "protocol": "tcp",
            "security_group_id": "sg-0fdca9ca311e6d790",
            "self": false,
            "source_security_group_id": "sg-0d9dc21497c989400",
            "to_port": 3306,
            "type": "ingress"
          },
          "sensitive_attributes": [],
          "private": "eyJzY2hlbWFfdmVyc2lvbiI6IjIifQ==",
          "dependencies": [
            "aws_security_group.bastion_sg",
            "aws_security_group.datalayer-sg",
            "aws_vpc.main"
          ]
        }
      ]
    },
    {
      "mode": "managed",
      "type": "aws_security_group_rule",
      "name": "inbound-mysql-ssh",
      "provider": "provider[\"registry.terraform.io/hashicorp/aws\"]",
      "instances": [
        {
          "schema_version": 2,
          "attributes": {
            "cidr_blocks": null,
            "description": null,
            "from_port": 22,
            "id": "sgrule-202565071",
            "ipv6_cidr_blocks": null,
            "prefix_list_ids": null,
            "protocol": "tcp",
            "security_group_id": "sg-0fdca9ca311e6d790",
            "self": false,
            "source_security_group_id": "sg-0d9dc21497c989400",
            "to_port": 22,
            "type": "ingress"
          },
          "sensitive_attributes": [],
          "private": "eyJzY2hlbWFfdmVyc2lvbiI6IjIifQ==",
          "dependencies": [
            "aws_security_group.bastion_sg",
            "aws_security_group.datalayer-sg",
            "aws_vpc.main"
          ]
        }
      ]
    },
    {
      "mode": "managed",
      "type": "aws_security_group_rule",
      "name": "inbound-mysql-webserver",
      "provider": "provider[\"registry.terraform.io/hashicorp/aws\"]",
      "instances": [
        {
          "schema_version": 2,
          "attributes": {
            "cidr_blocks": null,
            "description": null,
            "from_port": 3306,
            "id": "sgrule-2793409184",
            "ipv6_cidr_blocks": null,
            "prefix_list_ids": null,
            "protocol": "tcp",
            "security_group_id": "sg-0fdca9ca311e6d790",
            "self": false,
            "source_security_group_id": "sg-047b1dc15b9f235ec",
            "to_port": 3306,
            "type": "ingress"
          },
          "sensitive_attributes": [],
          "private": "eyJzY2hlbWFfdmVyc2lvbiI6IjIifQ==",
          "dependencies": [
            "aws_security_group.datalayer-sg",
            "aws_security_group.webserver-sg",
            "aws_vpc.main"
          ]
        }
      ]
    },
    {
      "mode": "managed",
      "type": "aws_security_group_rule",
      "name": "inbound-nfs-port",
      "provider": "provider[\"registry.terraform.io/hashicorp/aws\"]",
      "instances": [
        {
          "schema_version": 2,
          "attributes": {
            "cidr_blocks": null,
            "description": null,
            "from_port": 2049,
            "id": "sgrule-893819434",
            "ipv6_cidr_blocks": null,
            "prefix_list_ids": null,
            "protocol": "tcp",
            "security_group_id": "sg-0fdca9ca311e6d790",
            "self": false,
            "source_security_group_id": "sg-047b1dc15b9f235ec",
            "to_port": 2049,
            "type": "ingress"
          },
          "sensitive_attributes": [],
          "private": "eyJzY2hlbWFfdmVyc2lvbiI6IjIifQ==",
          "dependencies": [
            "aws_security_group.datalayer-sg",
            "aws_security_group.webserver-sg",
            "aws_vpc.main"
          ]
        }
      ]
    },
    {
      "mode": "managed",
      "type": "aws_security_group_rule",
      "name": "inbound-nfs-ssh",
      "provider": "provider[\"registry.terraform.io/hashicorp/aws\"]",
      "instances": [
        {
          "schema_version": 2,
          "attributes": {
            "cidr_blocks": null,
            "description": null,
            "from_port": 22,
            "id": "sgrule-383104975",
            "ipv6_cidr_blocks": null,
            "prefix_list_ids": null,
            "protocol": "tcp",
            "security_group_id": "sg-0fdca9ca311e6d790",
            "self": false,
            "source_security_group_id": "sg-047b1dc15b9f235ec",
            "to_port": 22,
            "type": "ingress"
          },
          "sensitive_attributes": [],
          "private": "eyJzY2hlbWFfdmVyc2lvbiI6IjIifQ==",
          "dependencies": [
            "aws_security_group.datalayer-sg",
            "aws_security_group.webserver-sg",
            "aws_vpc.main"
          ]
        }
      ]
    },
    {
      "mode": "managed",
      "type": "aws_security_group_rule",
      "name": "inbound-nginx-http",
      "provider": "provider[\"registry.terraform.io/hashicorp/aws\"]",
      "instances": [
        {
          "schema_version": 2,
          "attributes": {
            "cidr_blocks": null,
            "description": null,
            "from_port": 443,
            "id": "sgrule-2065432029",
            "ipv6_cidr_blocks": null,
            "prefix_list_ids": null,
            "protocol": "tcp",
            "security_group_id": "sg-05ae50d6cb7f89529",
            "self": false,
            "source_security_group_id": "sg-0e3fca17b4989cfca",
            "to_port": 443,
            "type": "ingress"
          },
          "sensitive_attributes": [],
          "private": "eyJzY2hlbWFfdmVyc2lvbiI6IjIifQ==",
          "dependencies": [
            "aws_security_group.ext-alb-sg",
            "aws_security_group.nginx-sg",
            "aws_vpc.main"
          ]
        }
      ]
    },
    {
      "mode": "managed",
      "type": "aws_security_group_rule",
      "name": "inbound-web-https",
      "provider": "provider[\"registry.terraform.io/hashicorp/aws\"]",
      "instances": [
        {
          "schema_version": 2,
          "attributes": {
            "cidr_blocks": null,
            "description": null,
            "from_port": 443,
            "id": "sgrule-2220116624",
            "ipv6_cidr_blocks": null,
            "prefix_list_ids": null,
            "protocol": "tcp",
            "security_group_id": "sg-047b1dc15b9f235ec",
            "self": false,
            "source_security_group_id": "sg-0ad59385f762b4336",
            "to_port": 443,
            "type": "ingress"
          },
          "sensitive_attributes": [],
          "private": "eyJzY2hlbWFfdmVyc2lvbiI6IjIifQ==",
          "dependencies": [
            "aws_security_group.int-alb-sg",
            "aws_security_group.webserver-sg",
            "aws_vpc.main"
          ]
        }
      ]
    },
    {
      "mode": "managed",
      "type": "aws_security_group_rule",
      "name": "inbound-web-ssh",
      "provider": "provider[\"registry.terraform.io/hashicorp/aws\"]",
      "instances": [
        {
          "schema_version": 2,
          "attributes": {
            "cidr_blocks": null,
            "description": null,
            "from_port": 22,
            "id": "sgrule-722826322",
            "ipv6_cidr_blocks": null,
            "prefix_list_ids": null,
            "protocol": "tcp",
            "security_group_id": "sg-047b1dc15b9f235ec",
            "self": false,
            "source_security_group_id": "sg-0d9dc21497c989400",
            "to_port": 22,
            "type": "ingress"
          },
          "sensitive_attributes": [],
          "private": "eyJzY2hlbWFfdmVyc2lvbiI6IjIifQ==",
          "dependencies": [
            "aws_security_group.bastion_sg",
            "aws_security_group.webserver-sg",
            "aws_vpc.main"
          ]
        }
      ]
    },
    {
      "mode": "managed",
      "type": "aws_sns_topic",
      "name": "somex-sns",
      "provider": "provider[\"registry.terraform.io/hashicorp/aws\"]",
      "instances": [
        {
          "schema_version": 0,
          "attributes": {
            "application_failure_feedback_role_arn": "",
            "application_success_feedback_role_arn": "",
            "application_success_feedback_sample_rate": 0,
            "arn": "arn:aws:sns:us-east-1:704771385539:Default_CloudWatch_Alarms_Topic",
            "content_based_deduplication": false,
            "delivery_policy": "",
            "display_name": "",
            "fifo_topic": false,
            "firehose_failure_feedback_role_arn": "",
            "firehose_success_feedback_role_arn": "",
            "firehose_success_feedback_sample_rate": 0,
            "http_failure_feedback_role_arn": "",
            "http_success_feedback_role_arn": "",
            "http_success_feedback_sample_rate": 0,
            "id": "arn:aws:sns:us-east-1:704771385539:Default_CloudWatch_Alarms_Topic",
            "kms_master_key_id": "",
            "lambda_failure_feedback_role_arn": "",
            "lambda_success_feedback_role_arn": "",
            "lambda_success_feedback_sample_rate": 0,
            "name": "Default_CloudWatch_Alarms_Topic",
            "name_prefix": "",
            "owner": "704771385539",
            "policy": "{\"Version\":\"2008-10-17\",\"Id\":\"__default_policy_ID\",\"Statement\":[{\"Sid\":\"__default_statement_ID\",\"Effect\":\"Allow\",\"Principal\":{\"AWS\":\"*\"},\"Action\":[\"SNS:GetTopicAttributes\",\"SNS:SetTopicAttributes\",\"SNS:AddPermission\",\"SNS:RemovePermission\",\"SNS:DeleteTopic\",\"SNS:Subscribe\",\"SNS:ListSubscriptionsByTopic\",\"SNS:Publish\"],\"Resource\":\"arn:aws:sns:us-east-1:704771385539:Default_CloudWatch_Alarms_Topic\",\"Condition\":{\"StringEquals\":{\"AWS:SourceOwner\":\"704771385539\"}}}]}",
            "sqs_failure_feedback_role_arn": "",
            "sqs_success_feedback_role_arn": "",
            "sqs_success_feedback_sample_rate": 0,
            "tags": null,
            "tags_all": {}
          },
          "sensitive_attributes": [],
          "private": "bnVsbA=="
        }
      ]
    },
    {
      "mode": "managed",
      "type": "aws_subnet",
      "name": "private",
      "provider": "provider[\"registry.terraform.io/hashicorp/aws\"]",
      "instances": [
        {
          "index_key": 0,
          "schema_version": 1,
          "attributes": {
            "arn": "arn:aws:ec2:us-east-1:704771385539:subnet/subnet-08e0d8a93cae1d5f2",
            "assign_ipv6_address_on_creation": false,
            "availability_zone": "us-east-1f",
            "availability_zone_id": "use1-az5",
            "cidr_block": "172.16.0.0/20",
            "customer_owned_ipv4_pool": "",
            "enable_dns64": false,
            "enable_resource_name_dns_a_record_on_launch": false,
            "enable_resource_name_dns_aaaa_record_on_launch": false,
            "id": "subnet-08e0d8a93cae1d5f2",
            "ipv6_cidr_block": "",
            "ipv6_cidr_block_association_id": "",
            "ipv6_native": false,
            "map_customer_owned_ip_on_launch": false,
            "map_public_ip_on_launch": true,
            "outpost_arn": "",
            "owner_id": "704771385539",
            "private_dns_hostname_type_on_launch": "ip-name",
            "tags": {
              "Billing-Account": "1234567890",
              "Enviroment": "production",
              "Managed-By": "Terraform",
              "Name": "PrivateSubnet-0",
              "Owner-Email": "somex@tech.io"
            },
            "tags_all": {
              "Billing-Account": "1234567890",
              "Enviroment": "production",
              "Managed-By": "Terraform",
              "Name": "PrivateSubnet-0",
              "Owner-Email": "somex@tech.io"
            },
            "timeouts": null,
            "vpc_id": "vpc-0c7d465aa128d7636"
          },
          "sensitive_attributes": [],
          "private": "eyJlMmJmYjczMC1lY2FhLTExZTYtOGY4OC0zNDM2M2JjN2M0YzAiOnsiY3JlYXRlIjo2MDAwMDAwMDAwMDAsImRlbGV0ZSI6MTIwMDAwMDAwMDAwMH0sInNjaGVtYV92ZXJzaW9uIjoiMSJ9",
          "dependencies": [
            "aws_vpc.main",
            "data.aws_availability_zones.available",
            "random_shuffle.az_list"
          ]
        },
        {
          "index_key": 1,
          "schema_version": 1,
          "attributes": {
            "arn": "arn:aws:ec2:us-east-1:704771385539:subnet/subnet-055e5e1357ca7bb0f",
            "assign_ipv6_address_on_creation": false,
            "availability_zone": "us-east-1b",
            "availability_zone_id": "use1-az4",
            "cidr_block": "172.16.16.0/20",
            "customer_owned_ipv4_pool": "",
            "enable_dns64": false,
            "enable_resource_name_dns_a_record_on_launch": false,
            "enable_resource_name_dns_aaaa_record_on_launch": false,
            "id": "subnet-055e5e1357ca7bb0f",
            "ipv6_cidr_block": "",
            "ipv6_cidr_block_association_id": "",
            "ipv6_native": false,
            "map_customer_owned_ip_on_launch": false,
            "map_public_ip_on_launch": true,
            "outpost_arn": "",
            "owner_id": "704771385539",
            "private_dns_hostname_type_on_launch": "ip-name",
            "tags": {
              "Billing-Account": "1234567890",
              "Enviroment": "production",
              "Managed-By": "Terraform",
              "Name": "PrivateSubnet-1",
              "Owner-Email": "somex@tech.io"
            },
            "tags_all": {
              "Billing-Account": "1234567890",
              "Enviroment": "production",
              "Managed-By": "Terraform",
              "Name": "PrivateSubnet-1",
              "Owner-Email": "somex@tech.io"
            },
            "timeouts": null,
            "vpc_id": "vpc-0c7d465aa128d7636"
          },
          "sensitive_attributes": [],
          "private": "eyJlMmJmYjczMC1lY2FhLTExZTYtOGY4OC0zNDM2M2JjN2M0YzAiOnsiY3JlYXRlIjo2MDAwMDAwMDAwMDAsImRlbGV0ZSI6MTIwMDAwMDAwMDAwMH0sInNjaGVtYV92ZXJzaW9uIjoiMSJ9",
          "dependencies": [
            "aws_vpc.main",
            "data.aws_availability_zones.available",
            "random_shuffle.az_list"
          ]
        },
        {
          "index_key": 2,
          "schema_version": 1,
          "attributes": {
            "arn": "arn:aws:ec2:us-east-1:704771385539:subnet/subnet-039ca4fb16fd6abaa",
            "assign_ipv6_address_on_creation": false,
            "availability_zone": "us-east-1c",
            "availability_zone_id": "use1-az6",
            "cidr_block": "172.16.32.0/20",
            "customer_owned_ipv4_pool": "",
            "enable_dns64": false,
            "enable_resource_name_dns_a_record_on_launch": false,
            "enable_resource_name_dns_aaaa_record_on_launch": false,
            "id": "subnet-039ca4fb16fd6abaa",
            "ipv6_cidr_block": "",
            "ipv6_cidr_block_association_id": "",
            "ipv6_native": false,
            "map_customer_owned_ip_on_launch": false,
            "map_public_ip_on_launch": true,
            "outpost_arn": "",
            "owner_id": "704771385539",
            "private_dns_hostname_type_on_launch": "ip-name",
            "tags": {
              "Billing-Account": "1234567890",
              "Enviroment": "production",
              "Managed-By": "Terraform",
              "Name": "PrivateSubnet-2",
              "Owner-Email": "somex@tech.io"
            },
            "tags_all": {
              "Billing-Account": "1234567890",
              "Enviroment": "production",
              "Managed-By": "Terraform",
              "Name": "PrivateSubnet-2",
              "Owner-Email": "somex@tech.io"
            },
            "timeouts": null,
            "vpc_id": "vpc-0c7d465aa128d7636"
          },
          "sensitive_attributes": [],
          "private": "eyJlMmJmYjczMC1lY2FhLTExZTYtOGY4OC0zNDM2M2JjN2M0YzAiOnsiY3JlYXRlIjo2MDAwMDAwMDAwMDAsImRlbGV0ZSI6MTIwMDAwMDAwMDAwMH0sInNjaGVtYV92ZXJzaW9uIjoiMSJ9",
          "dependencies": [
            "aws_vpc.main",
            "data.aws_availability_zones.available",
            "random_shuffle.az_list"
          ]
        },
        {
          "index_key": 3,
          "schema_version": 1,
          "attributes": {
            "arn": "arn:aws:ec2:us-east-1:704771385539:subnet/subnet-0e9f934ce9e3fe3a9",
            "assign_ipv6_address_on_creation": false,
            "availability_zone": "us-east-1e",
            "availability_zone_id": "use1-az3",
            "cidr_block": "172.16.48.0/20",
            "customer_owned_ipv4_pool": "",
            "enable_dns64": false,
            "enable_resource_name_dns_a_record_on_launch": false,
            "enable_resource_name_dns_aaaa_record_on_launch": false,
            "id": "subnet-0e9f934ce9e3fe3a9",
            "ipv6_cidr_block": "",
            "ipv6_cidr_block_association_id": "",
            "ipv6_native": false,
            "map_customer_owned_ip_on_launch": false,
            "map_public_ip_on_launch": true,
            "outpost_arn": "",
            "owner_id": "704771385539",
            "private_dns_hostname_type_on_launch": "ip-name",
            "tags": {
              "Billing-Account": "1234567890",
              "Enviroment": "production",
              "Managed-By": "Terraform",
              "Name": "PrivateSubnet-3",
              "Owner-Email": "somex@tech.io"
            },
            "tags_all": {
              "Billing-Account": "1234567890",
              "Enviroment": "production",
              "Managed-By": "Terraform",
              "Name": "PrivateSubnet-3",
              "Owner-Email": "somex@tech.io"
            },
            "timeouts": null,
            "vpc_id": "vpc-0c7d465aa128d7636"
          },
          "sensitive_attributes": [],
          "private": "eyJlMmJmYjczMC1lY2FhLTExZTYtOGY4OC0zNDM2M2JjN2M0YzAiOnsiY3JlYXRlIjo2MDAwMDAwMDAwMDAsImRlbGV0ZSI6MTIwMDAwMDAwMDAwMH0sInNjaGVtYV92ZXJzaW9uIjoiMSJ9",
          "dependencies": [
            "aws_vpc.main",
            "data.aws_availability_zones.available",
            "random_shuffle.az_list"
          ]
        }
      ]
    },
    {
      "mode": "managed",
      "type": "aws_subnet",
      "name": "public",
      "provider": "provider[\"registry.terraform.io/hashicorp/aws\"]",
      "instances": [
        {
          "index_key": 0,
          "schema_version": 1,
          "attributes": {
            "arn": "arn:aws:ec2:us-east-1:704771385539:subnet/subnet-0f8d71c80dcb621c5",
            "assign_ipv6_address_on_creation": false,
            "availability_zone": "us-east-1f",
            "availability_zone_id": "use1-az5",
            "cidr_block": "172.16.64.0/20",
            "customer_owned_ipv4_pool": "",
            "enable_dns64": false,
            "enable_resource_name_dns_a_record_on_launch": false,
            "enable_resource_name_dns_aaaa_record_on_launch": false,
            "id": "subnet-0f8d71c80dcb621c5",
            "ipv6_cidr_block": "",
            "ipv6_cidr_block_association_id": "",
            "ipv6_native": false,
            "map_customer_owned_ip_on_launch": false,
            "map_public_ip_on_launch": true,
            "outpost_arn": "",
            "owner_id": "704771385539",
            "private_dns_hostname_type_on_launch": "ip-name",
            "tags": {
              "Billing-Account": "1234567890",
              "Enviroment": "production",
              "Managed-By": "Terraform",
              "Name": "PublicSubnet-0",
              "Owner-Email": "somex@tech.io"
            },
            "tags_all": {
              "Billing-Account": "1234567890",
              "Enviroment": "production",
              "Managed-By": "Terraform",
              "Name": "PublicSubnet-0",
              "Owner-Email": "somex@tech.io"
            },
            "timeouts": null,
            "vpc_id": "vpc-0c7d465aa128d7636"
          },
          "sensitive_attributes": [],
          "private": "eyJlMmJmYjczMC1lY2FhLTExZTYtOGY4OC0zNDM2M2JjN2M0YzAiOnsiY3JlYXRlIjo2MDAwMDAwMDAwMDAsImRlbGV0ZSI6MTIwMDAwMDAwMDAwMH0sInNjaGVtYV92ZXJzaW9uIjoiMSJ9",
          "dependencies": [
            "aws_vpc.main",
            "data.aws_availability_zones.available",
            "random_shuffle.az_list"
          ]
        },
        {
          "index_key": 1,
          "schema_version": 1,
          "attributes": {
            "arn": "arn:aws:ec2:us-east-1:704771385539:subnet/subnet-0bdb631af2c17f3ba",
            "assign_ipv6_address_on_creation": false,
            "availability_zone": "us-east-1b",
            "availability_zone_id": "use1-az4",
            "cidr_block": "172.16.80.0/20",
            "customer_owned_ipv4_pool": "",
            "enable_dns64": false,
            "enable_resource_name_dns_a_record_on_launch": false,
            "enable_resource_name_dns_aaaa_record_on_launch": false,
            "id": "subnet-0bdb631af2c17f3ba",
            "ipv6_cidr_block": "",
            "ipv6_cidr_block_association_id": "",
            "ipv6_native": false,
            "map_customer_owned_ip_on_launch": false,
            "map_public_ip_on_launch": true,
            "outpost_arn": "",
            "owner_id": "704771385539",
            "private_dns_hostname_type_on_launch": "ip-name",
            "tags": {
              "Billing-Account": "1234567890",
              "Enviroment": "production",
              "Managed-By": "Terraform",
              "Name": "PublicSubnet-1",
              "Owner-Email": "somex@tech.io"
            },
            "tags_all": {
              "Billing-Account": "1234567890",
              "Enviroment": "production",
              "Managed-By": "Terraform",
              "Name": "PublicSubnet-1",
              "Owner-Email": "somex@tech.io"
            },
            "timeouts": null,
            "vpc_id": "vpc-0c7d465aa128d7636"
          },
          "sensitive_attributes": [],
          "private": "eyJlMmJmYjczMC1lY2FhLTExZTYtOGY4OC0zNDM2M2JjN2M0YzAiOnsiY3JlYXRlIjo2MDAwMDAwMDAwMDAsImRlbGV0ZSI6MTIwMDAwMDAwMDAwMH0sInNjaGVtYV92ZXJzaW9uIjoiMSJ9",
          "dependencies": [
            "aws_vpc.main",
            "data.aws_availability_zones.available",
            "random_shuffle.az_list"
          ]
        }
      ]
    },
    {
      "mode": "managed",
      "type": "aws_vpc",
      "name": "main",
      "provider": "provider[\"registry.terraform.io/hashicorp/aws\"]",
      "instances": [
        {
          "schema_version": 1,
          "attributes": {
            "arn": "arn:aws:ec2:us-east-1:704771385539:vpc/vpc-0c7d465aa128d7636",
            "assign_generated_ipv6_cidr_block": false,
            "cidr_block": "172.16.0.0/16",
            "default_network_acl_id": "acl-0bc71beb12cae9df6",
            "default_route_table_id": "rtb-08a65b6280e7faab5",
            "default_security_group_id": "sg-0a57da544b40d2fca",
            "dhcp_options_id": "dopt-0c238a32e44500382",
            "enable_classiclink": false,
            "enable_classiclink_dns_support": false,
            "enable_dns_hostnames": true,
            "enable_dns_support": true,
            "id": "vpc-0c7d465aa128d7636",
            "instance_tenancy": "default",
            "ipv4_ipam_pool_id": null,
            "ipv4_netmask_length": null,
            "ipv6_association_id": "",
            "ipv6_cidr_block": "",
            "ipv6_cidr_block_network_border_group": "",
            "ipv6_ipam_pool_id": "",
            "ipv6_netmask_length": 0,
            "main_route_table_id": "rtb-08a65b6280e7faab5",
            "owner_id": "704771385539",
            "tags": {
              "Billing-Account": "1234567890",
              "Enviroment": "production",
              "Managed-By": "Terraform",
              "Name": "Prod_vpc",
              "Owner-Email": "somex@tech.io"
            },
            "tags_all": {
              "Billing-Account": "1234567890",
              "Enviroment": "production",
              "Managed-By": "Terraform",
              "Name": "Prod_vpc",
              "Owner-Email": "somex@tech.io"
            }
          },
          "sensitive_attributes": [],
          "private": "eyJzY2hlbWFfdmVyc2lvbiI6IjEifQ==",
          "create_before_destroy": true
        }
      ]
    },
    {
      "mode": "managed",
      "type": "random_shuffle",
      "name": "az_list",
      "provider": "provider[\"registry.terraform.io/hashicorp/random\"]",
      "instances": [
        {
          "schema_version": 0,
          "attributes": {
            "id": "-",
            "input": [
              "us-east-1a",
              "us-east-1b",
              "us-east-1c",
              "us-east-1d",
              "us-east-1e",
              "us-east-1f"
            ],
            "keepers": null,
            "result": [
              "us-east-1f",
              "us-east-1b",
              "us-east-1c",
              "us-east-1e",
              "us-east-1a",
              "us-east-1d",
              "us-east-1d",
              "us-east-1a",
              "us-east-1f",
              "us-east-1c",
              "us-east-1e",
              "us-east-1b",
              "us-east-1d",
              "us-east-1a",
              "us-east-1b",
              "us-east-1f",
              "us-east-1c",
              "us-east-1e",
              "us-east-1e",
              "us-east-1b"
            ],
            "result_count": 20,
            "seed": null
          },
          "sensitive_attributes": [],
          "private": "bnVsbA==",
          "dependencies": [
            "data.aws_availability_zones.available"
          ]
        }
      ]
    }
  ]
}
